<?xml version="1.0" encoding="utf-8"?>
<Project ToolsVersion="4.0" xmlns="http://schemas.microsoft.com/developer/msbuild/2003">
  <ItemGroup>
    <Filter Include="Source Files">
      <UniqueIdentifier>{4FC737F1-C7A5-4376-A066-2A32D752A2FF}</UniqueIdentifier>
      <Extensions>cpp;c;cc;cxx;def;odl;idl;hpj;bat;asm;asmx</Extensions>
    </Filter>
    <Filter Include="Header Files">
      <UniqueIdentifier>{93995380-89BD-4b04-88EB-625FBE52EBFB}</UniqueIdentifier>
      <Extensions>h;hpp;hxx;hm;inl;inc;xsd</Extensions>
    </Filter>
    <Filter Include="Resource Files">
      <UniqueIdentifier>{67DA6AB6-F800-4c08-8B7A-83BB121AAD01}</UniqueIdentifier>
      <Extensions>rc;ico;cur;bmp;dlg;rc2;rct;bin;rgs;gif;jpg;jpeg;jpe;resx;tiff;tif;png;wav;mfcribbon-ms</Extensions>
    </Filter>
    <Filter Include="Source Files\Array and Strings">
      <UniqueIdentifier>{0872e677-b760-4ee9-9e8c-4c1259fdc8e7}</UniqueIdentifier>
    </Filter>
    <Filter Include="Source Files\Array and Strings\SpiralMatrix">
      <UniqueIdentifier>{f227fcb7-0eae-48c1-9bdc-671484d8fa25}</UniqueIdentifier>
    </Filter>
    <Filter Include="Source Files\Array and Strings\PlusOne">
      <UniqueIdentifier>{7d2f58a1-5669-43c7-8943-d8d9139260d8}</UniqueIdentifier>
    </Filter>
    <Filter Include="Source Files\Array and Strings\TrappingRainWater">
      <UniqueIdentifier>{8972e577-090b-4668-becf-fef31cf87db8}</UniqueIdentifier>
    </Filter>
    <Filter Include="Source Files\Array and Strings\LongestSubstringK">
      <UniqueIdentifier>{955ea5bc-90b0-40d5-a5fa-6e3ba23c5b63}</UniqueIdentifier>
    </Filter>
    <Filter Include="Source Files\Array and Strings\AddBoldTagInString">
      <UniqueIdentifier>{c4d1beac-97f7-4aa6-a8c7-fc542b56a3c9}</UniqueIdentifier>
    </Filter>
    <Filter Include="Source Files\Array and Strings\GameOfLife">
      <UniqueIdentifier>{27980475-afb4-4ffa-ab00-ece7e916c1a8}</UniqueIdentifier>
    </Filter>
    <Filter Include="Source Files\Array and Strings\OneEditDist">
      <UniqueIdentifier>{76de915c-0867-4875-9a14-9839da462173}</UniqueIdentifier>
    </Filter>
    <Filter Include="Source Files\Array and Strings\ValidPalindrome">
      <UniqueIdentifier>{bceff045-45a2-4539-ba52-ce597e589065}</UniqueIdentifier>
    </Filter>
    <Filter Include="Source Files\Array and Strings\ValidNumber">
      <UniqueIdentifier>{230411c5-d615-41da-90a9-aa51d79270cf}</UniqueIdentifier>
    </Filter>
    <Filter Include="Source Files\Array and Strings\ValidParentheses">
      <UniqueIdentifier>{70c393bc-e018-464e-858e-626fbb39ce5c}</UniqueIdentifier>
    </Filter>
    <Filter Include="Source Files\Array and Strings\ImageSmoother">
      <UniqueIdentifier>{a5989405-3e42-4690-baaa-7eed6d755f7f}</UniqueIdentifier>
    </Filter>
    <Filter Include="Source Files\Array and Strings\IntersectionOfTwoArrays">
      <UniqueIdentifier>{720f116d-2123-400d-9d21-b101bb6daf04}</UniqueIdentifier>
    </Filter>
    <Filter Include="Source Files\Array and Strings\MaxConsecutiveOnes">
      <UniqueIdentifier>{a8faa7fc-0915-4a83-b53a-9edf6f7b51f8}</UniqueIdentifier>
    </Filter>
    <Filter Include="Source Files\Array and Strings\MaxConsecutiveOnesFlip">
      <UniqueIdentifier>{a0b48f87-2e5b-492f-a24f-98e5b9b7f47c}</UniqueIdentifier>
    </Filter>
    <Filter Include="Source Files\Array and Strings\ShortestPalindrome">
      <UniqueIdentifier>{e19c7412-7455-40de-9399-5d262a704601}</UniqueIdentifier>
    </Filter>
    <Filter Include="Source Files\Array and Strings\FirstMissingPositive">
      <UniqueIdentifier>{81212a4d-1bd3-47ab-809b-45ef4cfb1faf}</UniqueIdentifier>
    </Filter>
    <Filter Include="Source Files\Array and Strings\FirstUniqueCharacterInAString">
      <UniqueIdentifier>{c0c3c8f4-125e-49d6-b57f-528cb93b419e}</UniqueIdentifier>
    </Filter>
    <Filter Include="Source Files\Array and Strings\MoveZeroes">
      <UniqueIdentifier>{2993e664-89fc-4093-8bbf-cf43ab66ecb6}</UniqueIdentifier>
    </Filter>
    <Filter Include="Source Files\Array and Strings\RemoveDuplicatesFromSortedArray">
      <UniqueIdentifier>{234d3e40-7a46-4491-9908-cbae7850a3f2}</UniqueIdentifier>
    </Filter>
    <Filter Include="Source Files\Linked List">
      <UniqueIdentifier>{acdaf7f8-c370-4ac3-89b7-9306ed64d86c}</UniqueIdentifier>
    </Filter>
    <Filter Include="Source Files\Linked List\InsertIntoACyclicSortedList">
      <UniqueIdentifier>{cc0d7bd8-9245-400b-8d0c-54f38c5ac750}</UniqueIdentifier>
    </Filter>
    <Filter Include="Source Files\Linked List\MergeKSortedLists">
      <UniqueIdentifier>{5f730844-daea-4354-af51-414bdb36b1cd}</UniqueIdentifier>
    </Filter>
    <Filter Include="Source Files\Trees and Graphs">
      <UniqueIdentifier>{2f621907-c3a5-4c75-9e2d-63416189992c}</UniqueIdentifier>
    </Filter>
    <Filter Include="Source Files\Trees and Graphs\InorderSuccessorInBST">
      <UniqueIdentifier>{30ca26d7-ecb5-479a-9730-3a7fe48906d9}</UniqueIdentifier>
    </Filter>
    <Filter Include="Source Files\Trees and Graphs\RobotRoomCleaner">
      <UniqueIdentifier>{8804bdb7-2a6f-422e-a6fd-9b72edcfe685}</UniqueIdentifier>
    </Filter>
    <Filter Include="Source Files\Trees and Graphs\RedundantConnectionII">
      <UniqueIdentifier>{b8458559-bb5d-4966-935b-101bc835f969}</UniqueIdentifier>
    </Filter>
    <Filter Include="Source Files\Trees and Graphs\ValidateBinarySearchTree">
      <UniqueIdentifier>{f09a6e79-08b5-4738-aa95-e53447ff64d5}</UniqueIdentifier>
    </Filter>
    <Filter Include="Source Files\Trees and Graphs\ClosestBinarySearchTreeValue">
      <UniqueIdentifier>{943651b5-5fa1-494b-ac73-b96170a6b65f}</UniqueIdentifier>
    </Filter>
    <Filter Include="Source Files\Recursion">
      <UniqueIdentifier>{e5aaf946-d486-4814-b957-7db45021f0b3}</UniqueIdentifier>
    </Filter>
    <Filter Include="Source Files\Recursion\StrobogrammaticNumberII">
      <UniqueIdentifier>{1ab286e7-3aee-4107-b347-86656212c5e8}</UniqueIdentifier>
    </Filter>
    <Filter Include="Source Files\Recursion\WordSearchII">
      <UniqueIdentifier>{a87e11b1-c4b0-49c1-abb1-89ebfa8fddbe}</UniqueIdentifier>
    </Filter>
    <Filter Include="Source Files\Recursion\AndroidUnlockPatterns">
      <UniqueIdentifier>{fe08e90a-094b-4b12-9502-4167b2682e0e}</UniqueIdentifier>
    </Filter>
    <Filter Include="Source Files\Sorting and Searching">
      <UniqueIdentifier>{f421b178-9da7-414d-af65-f1af3f83f9d3}</UniqueIdentifier>
    </Filter>
    <Filter Include="Source Files\Sorting and Searching\KthLargestElementInAnArray">
      <UniqueIdentifier>{5226c971-065f-4499-85e3-090cd4e03200}</UniqueIdentifier>
    </Filter>
    <Filter Include="Source Files\Sorting and Searching\ShortestDistanceFromAllBuildings">
      <UniqueIdentifier>{a30d45cf-ae3b-4d28-9a84-b9d969e67528}</UniqueIdentifier>
    </Filter>
    <Filter Include="Source Files\Sorting and Searching\FindKthSmallestPairDistance">
      <UniqueIdentifier>{0dad7b79-bd80-4d5b-9c43-59b483b3edbb}</UniqueIdentifier>
    </Filter>
    <Filter Include="Source Files\Sorting and Searching\FindKPairsWithSmallestSums">
      <UniqueIdentifier>{37ca7cf9-8370-40a9-979b-a9ae220b88dc}</UniqueIdentifier>
    </Filter>
    <Filter Include="Source Files\Sorting and Searching\RangeModule">
      <UniqueIdentifier>{2bd56b2e-1781-49cc-8dff-46867251f803}</UniqueIdentifier>
    </Filter>
    <Filter Include="Source Files\Sorting and Searching\Sqrtx">
      <UniqueIdentifier>{eab14898-0156-4087-9bd8-325efe1104d0}</UniqueIdentifier>
    </Filter>
    <Filter Include="Source Files\Sorting and Searching\InsertInterval">
      <UniqueIdentifier>{23dd714b-b169-427a-9c2f-a769514b7bf4}</UniqueIdentifier>
    </Filter>
    <Filter Include="Source Files\Sorting and Searching\SortTransformedArray">
      <UniqueIdentifier>{bca6dba2-a540-4fc3-a10b-1d7765b80004}</UniqueIdentifier>
    </Filter>
    <Filter Include="Source Files\Sorting and Searching\LongestPalindromicSubstring">
      <UniqueIdentifier>{c2362a78-0956-43e9-bc96-283a4a9acdc7}</UniqueIdentifier>
    </Filter>
    <Filter Include="Source Files\Sorting and Searching\DiagonalTraverse">
      <UniqueIdentifier>{6589f3b7-30ff-4fa8-8e38-129cd818d300}</UniqueIdentifier>
    </Filter>
    <Filter Include="Source Files\Sorting and Searching\NextGreaterElementI">
      <UniqueIdentifier>{f0a9be6b-c307-483e-880d-a7de635e5a31}</UniqueIdentifier>
    </Filter>
    <Filter Include="Source Files\Sorting and Searching\PacificAtlanticWaterFlow">
      <UniqueIdentifier>{7e63fca1-8d89-44fd-a7f3-7fef65d5680f}</UniqueIdentifier>
    </Filter>
    <Filter Include="Source Files\Sorting and Searching\EvaluateReversePolishNotation">
      <UniqueIdentifier>{c9848b68-476e-47f6-840d-6df7a96f8497}</UniqueIdentifier>
    </Filter>
    <Filter Include="Source Files\Dynamic Programming">
      <UniqueIdentifier>{fce6ff31-2908-4dae-8c4e-0e788d3970f7}</UniqueIdentifier>
    </Filter>
    <Filter Include="Source Files\Dynamic Programming\DecodeWays">
      <UniqueIdentifier>{195b915c-a0ca-445f-9b49-41853215d65f}</UniqueIdentifier>
    </Filter>
    <Filter Include="Source Files\Dynamic Programming\WordBreak">
      <UniqueIdentifier>{c7b85bc1-2461-4460-a538-2f10bb175725}</UniqueIdentifier>
    </Filter>
    <Filter Include="Source Files\Dynamic Programming\SentenceScreenFitting">
      <UniqueIdentifier>{a9c12971-1dab-4029-bff8-d213b1371e39}</UniqueIdentifier>
    </Filter>
    <Filter Include="Source Files\Dynamic Programming\MaximumVacationDays">
      <UniqueIdentifier>{51ec9928-1c84-438d-9ee6-f278974ee7ef}</UniqueIdentifier>
    </Filter>
    <Filter Include="Source Files\Dynamic Programming\EditDistance">
      <UniqueIdentifier>{040e6af2-351b-45f2-9afa-e2ea64d231f9}</UniqueIdentifier>
    </Filter>
    <Filter Include="Source Files\Dynamic Programming\MinimumPathSum">
      <UniqueIdentifier>{65537b69-40ee-4614-8e1a-01e1bed8e7dc}</UniqueIdentifier>
    </Filter>
    <Filter Include="Source Files\Dynamic Programming\HouseRobberII">
      <UniqueIdentifier>{1043050b-0e75-4618-a4a5-fe05bad07bde}</UniqueIdentifier>
    </Filter>
    <Filter Include="Source Files\Design">
      <UniqueIdentifier>{1db6c814-7cd0-4a07-b0a8-49e5e33eef59}</UniqueIdentifier>
    </Filter>
    <Filter Include="Source Files\Design\MovingAverageFromDataStream">
      <UniqueIdentifier>{3d62ccbe-76e8-4e86-b5e3-ff9967377ab5}</UniqueIdentifier>
    </Filter>
    <Filter Include="Source Files\Design\PeekingIterator">
      <UniqueIdentifier>{3f38984d-f33c-4f54-b1c8-d7772beef29a}</UniqueIdentifier>
    </Filter>
    <Filter Include="Source Files\Design\BinarySearchTreeIterator">
      <UniqueIdentifier>{451bdb64-d179-4d77-a4ae-65b02f2c4940}</UniqueIdentifier>
    </Filter>
    <Filter Include="Source Files\Design\ZigzagIterator">
      <UniqueIdentifier>{156e6534-eb60-4c67-b120-c86f5b28f52c}</UniqueIdentifier>
    </Filter>
    <Filter Include="Source Files\Design\DesignTicTacToe">
      <UniqueIdentifier>{f9065065-417c-4932-be4c-07e5f74578af}</UniqueIdentifier>
    </Filter>
    <Filter Include="Source Files\Design\RangeSumQuery2D">
      <UniqueIdentifier>{dcbc28c3-b07a-47a4-928b-dd25131b0d41}</UniqueIdentifier>
    </Filter>
    <Filter Include="Source Files\Array and Strings\ReadNCharactersGivenRead4">
      <UniqueIdentifier>{e7489f2f-8b4d-4fad-8a6c-8df188bf49a5}</UniqueIdentifier>
    </Filter>
    <Filter Include="Source Files\Array and Strings\ReadNCharactersGivenRead4II">
      <UniqueIdentifier>{52d9544f-81cb-4967-bcdf-464670fe1c10}</UniqueIdentifier>
    </Filter>
    <Filter Include="Source Files\Trees and Graphs\CourseSchedule">
      <UniqueIdentifier>{33e53a10-89eb-4e97-b475-39bb6aa38039}</UniqueIdentifier>
    </Filter>
    <Filter Include="Source Files\Trees and Graphs\EvaluateDivision">
      <UniqueIdentifier>{3f34a0f0-978d-4357-931c-ff2e8feaf1f0}</UniqueIdentifier>
    </Filter>
    <Filter Include="Source Files\Recursion\WordSquares">
      <UniqueIdentifier>{79576f0d-746f-42f5-a488-04800556d86d}</UniqueIdentifier>
    </Filter>
    <Filter Include="Source Files\Array and Strings\MaxSubarray">
      <UniqueIdentifier>{bfe84cae-77ab-422f-93cc-6097d3234f82}</UniqueIdentifier>
    </Filter>
    <Filter Include="Source Files\Sorting and Searching\MergeIntervals">
      <UniqueIdentifier>{2c360903-25da-4883-9e69-b78a45a6dcd3}</UniqueIdentifier>
    </Filter>
    <Filter Include="Source Files\Trees and Graphs\NumIslands">
      <UniqueIdentifier>{7f833220-94f6-4ffb-9e59-0085f5df0ee6}</UniqueIdentifier>
    </Filter>
    <Filter Include="Source Files\Array and Strings\Stock">
      <UniqueIdentifier>{cac811ea-090c-45d1-807e-bab8e938ab4a}</UniqueIdentifier>
    </Filter>
    <Filter Include="Source Files\Dynamic Programming\MinNumCoins">
      <UniqueIdentifier>{b5177de0-c72d-470f-82e9-2c0b60808d6d}</UniqueIdentifier>
    </Filter>
    <Filter Include="Source Files\Sorting and Searching\MinWindow">
      <UniqueIdentifier>{be13c94d-24a0-4704-a660-21b25ac706dc}</UniqueIdentifier>
    </Filter>
    <Filter Include="Source Files\Dynamic Programming\SumQuery">
      <UniqueIdentifier>{76b511ca-62a2-4e9e-9e50-5486ef3f29e3}</UniqueIdentifier>
    </Filter>
    <Filter Include="Source Files\Dynamic Programming\SumQuery2">
      <UniqueIdentifier>{10b69005-aa98-4f23-b895-25e911ddc8a8}</UniqueIdentifier>
    </Filter>
    <Filter Include="Source Files\Design\LRUCache">
      <UniqueIdentifier>{573c14ec-ff98-46b5-808e-e0993a4b9a17}</UniqueIdentifier>
    </Filter>
    <Filter Include="Source Files\Sorting and Searching\MedianOfTwoSortedArrays">
      <UniqueIdentifier>{8e028836-d1fb-40ea-848a-f19eba1deb89}</UniqueIdentifier>
    </Filter>
    <Filter Include="Source Files\Array and Strings\FruitIntoBaskets">
      <UniqueIdentifier>{353f14e1-b45d-4a1b-9d00-7a32f69a9735}</UniqueIdentifier>
    </Filter>
    <Filter Include="Source Files\Array and Strings\UniqueEmailAddresses">
      <UniqueIdentifier>{128edb96-ff10-4bb3-b514-b4c63584026a}</UniqueIdentifier>
    </Filter>
    <Filter Include="Source Files\Sorting and Searching\MeetingRoomsII">
      <UniqueIdentifier>{51c69e2c-f559-4c47-89a0-284d767be28b}</UniqueIdentifier>
    </Filter>
    <Filter Include="Source Files\Trees and Graphs\SerializeAndDeserializeBinaryTree">
      <UniqueIdentifier>{b6d1d36c-95ee-4060-b894-10e466b20a4c}</UniqueIdentifier>
    </Filter>
    <Filter Include="Source Files\Recursion\LetterCombinationsOfAPhoneNumber">
      <UniqueIdentifier>{ce1b7fdc-b9ba-4ec1-a9e2-a0add8d8a8dc}</UniqueIdentifier>
    </Filter>
    <Filter Include="Source Files\Recursion\GenerateParentheses">
      <UniqueIdentifier>{a40b9174-c7de-4e34-896d-52604a12a42d}</UniqueIdentifier>
    </Filter>
    <Filter Include="Source Files\Sorting and Searching\Pow">
      <UniqueIdentifier>{d7e19609-5ede-4935-8f31-69a0ec30ca1c}</UniqueIdentifier>
    </Filter>
    <Filter Include="Source Files\Array and Strings\kEmptySlot">
      <UniqueIdentifier>{76a218ef-4710-4004-b77e-5ae0fd684807}</UniqueIdentifier>
    </Filter>
    <Filter Include="Source Files\Array and Strings\LicenseKeyFormat">
      <UniqueIdentifier>{2742a0c4-77a5-4843-a21a-33fa3174249c}</UniqueIdentifier>
    </Filter>
    <Filter Include="Source Files\Trees and Graphs\LongestUnivaluePath">
      <UniqueIdentifier>{8e9a8639-b8b2-47fd-95a4-3e0700ebcb9c}</UniqueIdentifier>
    </Filter>
    <Filter Include="Source Files\Array and Strings\NextClosestTime">
      <UniqueIdentifier>{cda74749-d6ea-4ac5-9d7c-74449e6abe95}</UniqueIdentifier>
    </Filter>
    <Filter Include="Source Files\Array and Strings\RepeatedStringMatch">
      <UniqueIdentifier>{61ae9a8e-a542-40b7-bbe5-dfad9fc28c11}</UniqueIdentifier>
    </Filter>
    <Filter Include="Source Files\Array and Strings\MaximumProductOfWordLengths">
      <UniqueIdentifier>{03bce76f-a5f0-4035-aafe-ba947ce8b464}</UniqueIdentifier>
    </Filter>
    <Filter Include="Source Files\Array and Strings\UTF8Validation">
      <UniqueIdentifier>{0838cedd-b426-430b-b368-d63911fc3c15}</UniqueIdentifier>
    </Filter>
    <Filter Include="Source Files\Array and Strings\BasicCalculator">
      <UniqueIdentifier>{b975fe54-ae32-4db9-a0a2-dce070f9fda2}</UniqueIdentifier>
    </Filter>
    <Filter Include="Source Files\Sorting and Searching\PalindromePairs">
      <UniqueIdentifier>{183c4efd-95ba-4a71-b771-2c22b28bef80}</UniqueIdentifier>
    </Filter>
    <Filter Include="Source Files\Design\MinStack">
      <UniqueIdentifier>{cdfbe2d9-46b5-4542-a3c3-39da7ef541a2}</UniqueIdentifier>
    </Filter>
    <Filter Include="Source Files\Dynamic Programming\BurstBalloons">
      <UniqueIdentifier>{e872630e-edba-42f0-a500-aea7098349dd}</UniqueIdentifier>
    </Filter>
    <Filter Include="Source Files\Design\FlattenNestedListIterator">
      <UniqueIdentifier>{362ffcd6-fd29-4f18-9f13-2bf332d26123}</UniqueIdentifier>
    </Filter>
    <Filter Include="Source Files\Array and Strings\LongestConsecutiveSequence">
      <UniqueIdentifier>{72a5810b-d5eb-432e-b715-319544fb7840}</UniqueIdentifier>
    </Filter>
    <Filter Include="Source Files\Sorting and Searching\SearchA2DMatrixII">
      <UniqueIdentifier>{d0c55cc5-bd51-4b9e-8aeb-22f4884b79d3}</UniqueIdentifier>
    </Filter>
    <Filter Include="Source Files\Design\EncodeAndDecodeTinyURL">
      <UniqueIdentifier>{42355b1f-7679-47df-befc-d5e27ae2ca86}</UniqueIdentifier>
    </Filter>
    <Filter Include="Source Files\Array and Strings\FindPeakElement">
      <UniqueIdentifier>{76225fa6-d4e8-4d8d-b3d3-3ca40b7ba3d1}</UniqueIdentifier>
    </Filter>
    <Filter Include="Source Files\Array and Strings\NextPermutation">
      <UniqueIdentifier>{2fbbc912-bda5-4b95-b756-6cdbdb1617be}</UniqueIdentifier>
    </Filter>
    <Filter Include="Source Files\Dynamic Programming\RegularExpressionMatching">
      <UniqueIdentifier>{a90de8b2-4de5-41d7-8a6c-d8d4a0a21e41}</UniqueIdentifier>
    </Filter>
    <Filter Include="Source Files\Linked List\AddTwoNumbers">
      <UniqueIdentifier>{292e61cb-04b8-4e6c-94da-836552a47cec}</UniqueIdentifier>
    </Filter>
    <Filter Include="Source Files\Sorting and Searching\VowelSpellchecker">
      <UniqueIdentifier>{127d8477-2e32-4397-9d62-5b85d112179b}</UniqueIdentifier>
    </Filter>
    <Filter Include="Source Files\Trees and Graphs\FlipBinaryTreeToMatchPreorderTraversal">
      <UniqueIdentifier>{afaeff92-963a-47c7-ae5d-61537191637d}</UniqueIdentifier>
    </Filter>
    <Filter Include="Source Files\Trees and Graphs\SmallestStringStartingFromLeaf">
      <UniqueIdentifier>{0d3fb3fb-9aa7-4b9b-894a-134c727fa974}</UniqueIdentifier>
    </Filter>
    <Filter Include="Source Files\Trees and Graphs\RottingOranges">
      <UniqueIdentifier>{b0fa5a4d-21c5-4240-bb85-ef19266cbd49}</UniqueIdentifier>
    </Filter>
    <Filter Include="Source Files\Trees and Graphs\CousinsInBinaryTree">
      <UniqueIdentifier>{5792fecf-3d30-4a71-8145-43b8a9180539}</UniqueIdentifier>
    </Filter>
    <Filter Include="Source Files\Trees and Graphs\SatisfiabilityOfEqualityEquations">
      <UniqueIdentifier>{25a96582-d91b-4647-8946-4d3b005e7718}</UniqueIdentifier>
    </Filter>
    <Filter Include="Source Files\Trees and Graphs\MSTandShortestPath">
      <UniqueIdentifier>{b7ae99a3-c0c2-4245-8e6f-93f5c0af6090}</UniqueIdentifier>
    </Filter>
    <Filter Include="Source Files\Trees and Graphs\NumberOfSquarefulArrays">
      <UniqueIdentifier>{b2e57768-264f-4555-bef2-b83d05420e68}</UniqueIdentifier>
    </Filter>
    <Filter Include="Source Files\Trees and Graphs\VerticalOrderTraversalOfABinaryTree">
      <UniqueIdentifier>{474f3765-2cdc-497d-8848-3583a6836c1d}</UniqueIdentifier>
    </Filter>
    <Filter Include="Source Files\Array and Strings\IntervalListIntersections">
      <UniqueIdentifier>{000abd6c-b80b-4a9d-80cd-c1aa7621f213}</UniqueIdentifier>
    </Filter>
    <Filter Include="Source Files\Dynamic Programming\UniquePaths">
      <UniqueIdentifier>{f45dff45-fae2-4a07-bec6-21b1f45b8596}</UniqueIdentifier>
    </Filter>
    <Filter Include="Source Files\Dynamic Programming\UniquePathsII">
      <UniqueIdentifier>{0a1443ec-06b2-4593-b033-649ad36bca5c}</UniqueIdentifier>
    </Filter>
    <Filter Include="Source Files\Dynamic Programming\ClimbingStairs">
      <UniqueIdentifier>{0411824b-d436-4f95-bb46-382fb7b477e7}</UniqueIdentifier>
    </Filter>
    <Filter Include="Source Files\Dynamic Programming\UniqueBinarySearchTrees">
      <UniqueIdentifier>{0ac2e958-ed8f-4615-9e7a-c4a7c9b9c952}</UniqueIdentifier>
    </Filter>
    <Filter Include="Source Files\Dynamic Programming\Triangle">
      <UniqueIdentifier>{185656fb-3df5-4ecc-92c7-7d08c2f24467}</UniqueIdentifier>
    </Filter>
    <Filter Include="Source Files\Trees and Graphs\PathSumII">
      <UniqueIdentifier>{680bf53f-192d-462d-9995-8dab05084f8d}</UniqueIdentifier>
    </Filter>
    <Filter Include="Source Files\Trees and Graphs\WordLadder">
      <UniqueIdentifier>{0af45063-9288-4adf-8b86-b3ea29f75f59}</UniqueIdentifier>
    </Filter>
    <Filter Include="Source Files\Dynamic Programming\01Knapsack">
      <UniqueIdentifier>{8587a89a-5c50-4cd4-a09b-ee43b457424a}</UniqueIdentifier>
    </Filter>
    <Filter Include="Source Files\Trees and Graphs\AllNodesDistanceKinBinaryTree">
      <UniqueIdentifier>{fadb0fb9-6403-4fee-982d-6647e2188a3f}</UniqueIdentifier>
    </Filter>
    <Filter Include="Source Files\Array and Strings\MergeSortedArray">
      <UniqueIdentifier>{88c294f2-0491-4538-a834-30e6472538b5}</UniqueIdentifier>
    </Filter>
    <Filter Include="Source Files\Dynamic Programming\TravelingSalesman">
      <UniqueIdentifier>{2b02caa9-4e7e-45e3-8551-0785661461c8}</UniqueIdentifier>
    </Filter>
    <Filter Include="Source Files\Dynamic Programming\WordBreakII">
      <UniqueIdentifier>{34ff5a64-a35e-4684-b453-154194b1c34e}</UniqueIdentifier>
    </Filter>
    <Filter Include="Source Files\Sorting and Searching\BrokenCalculator">
      <UniqueIdentifier>{64977d6e-8197-42f8-8855-75be1e2a5536}</UniqueIdentifier>
    </Filter>
    <Filter Include="Source Files\Trees and Graphs\ConstructBSTFromPreorderTraversal">
      <UniqueIdentifier>{983df86f-8adf-42b6-afb2-5a5ac3b9f332}</UniqueIdentifier>
    </Filter>
    <Filter Include="Source Files\Array and Strings\MinNumOfKConsecutiveBitFlips">
      <UniqueIdentifier>{e307cab6-e431-4914-9cf0-70b2be872242}</UniqueIdentifier>
    </Filter>
    <Filter Include="Source Files\Array and Strings\ReverseString">
      <UniqueIdentifier>{6a39b729-f9ab-4a29-9493-a4418c7c5beb}</UniqueIdentifier>
    </Filter>
    <Filter Include="Source Files\Trees and Graphs\MaximumDepthOfBinaryTree">
      <UniqueIdentifier>{a60688b8-468e-41a0-97e6-bf2f10b73971}</UniqueIdentifier>
    </Filter>
    <Filter Include="Source Files\Array and Strings\SingleNumber">
      <UniqueIdentifier>{dd1186e5-7d14-4529-bc58-3ea054d146ba}</UniqueIdentifier>
    </Filter>
    <Filter Include="Source Files\Array and Strings\FizzBuzz">
      <UniqueIdentifier>{735fb920-b7e5-4b51-902d-730014ef56fd}</UniqueIdentifier>
    </Filter>
    <Filter Include="Source Files\Recursion\Permutations">
      <UniqueIdentifier>{fa0243cf-db0d-4d56-8ee2-d5f07800ad50}</UniqueIdentifier>
    </Filter>
    <Filter Include="Source Files\Array and Strings\NondecreasingArray">
      <UniqueIdentifier>{4e713f52-508e-4444-a4c5-2301a73eb1b2}</UniqueIdentifier>
    </Filter>
    <Filter Include="Source Files\Array and Strings\PalindromeNumber">
      <UniqueIdentifier>{ed81f555-de6c-4ed5-a4c6-bdf629e32fde}</UniqueIdentifier>
    </Filter>
    <Filter Include="Source Files\Design\WalkingRobotSimulation">
      <UniqueIdentifier>{9fde9a49-7559-42ba-8b3a-17c16a9a71d1}</UniqueIdentifier>
    </Filter>
    <Filter Include="Source Files\Sorting and Searching\PartitionLabels">
      <UniqueIdentifier>{844fe05c-38e6-44a2-ace5-399506ba2e42}</UniqueIdentifier>
    </Filter>
    <Filter Include="Source Files\Sorting and Searching\TopKFrequentElements">
      <UniqueIdentifier>{10cd0453-e077-4160-8935-9f8ff8c7ee78}</UniqueIdentifier>
    </Filter>
    <Filter Include="Source Files\Sorting and Searching\KClosestPointsToOrigin">
      <UniqueIdentifier>{63b57917-0273-44c0-b9fb-03d8fdea48ad}</UniqueIdentifier>
    </Filter>
    <Filter Include="Source Files\Array and Strings\TwoSumLessThanK">
      <UniqueIdentifier>{cc6fc0a8-dc58-4446-97d5-31483fedb036}</UniqueIdentifier>
    </Filter>
    <Filter Include="Source Files\Array and Strings\TwoSums">
      <UniqueIdentifier>{3a135e1a-e221-493d-847d-45fa33e7689a}</UniqueIdentifier>
    </Filter>
    <Filter Include="Source Files\Array and Strings\ReorderDataInLogFiles">
      <UniqueIdentifier>{796313bc-8400-4157-b287-c57739020a24}</UniqueIdentifier>
    </Filter>
    <Filter Include="Source Files\Trees and Graphs\FindTheTownJudge">
      <UniqueIdentifier>{1af23007-d439-4bb1-8cbb-7e326466e8e9}</UniqueIdentifier>
    </Filter>
    <Filter Include="Source Files\Array and Strings\GroupAnagrams">
      <UniqueIdentifier>{b9585944-d32b-42e7-b5ca-cf11cc410695}</UniqueIdentifier>
    </Filter>
    <Filter Include="Source Files\Sorting and Searching\TopKFrequentWords">
      <UniqueIdentifier>{3f840dad-b312-4cd8-a4ff-8982ff8efd11}</UniqueIdentifier>
    </Filter>
    <Filter Include="Source Files\Trees and Graphs\TheMazeII">
      <UniqueIdentifier>{191e85b5-9cbd-4ef7-bfba-4ac394d333dd}</UniqueIdentifier>
    </Filter>
    <Filter Include="Source Files\Trees and Graphs\BinaryTreeZigzagLevelOrderTraversal">
      <UniqueIdentifier>{546e926c-2be5-4df3-b958-34a4ccd9dbe4}</UniqueIdentifier>
    </Filter>
    <Filter Include="Source Files\Array and Strings\MostCommonWord">
      <UniqueIdentifier>{3d84ad88-bde6-41af-ae13-b4f4a7a0c37b}</UniqueIdentifier>
    </Filter>
  </ItemGroup>
  <ItemGroup>
    <ClInclude Include="stdafx.h">
      <Filter>Header Files</Filter>
    </ClInclude>
    <ClInclude Include="targetver.h">
      <Filter>Header Files</Filter>
    </ClInclude>
    <ClInclude Include="MinWindow.h">
      <Filter>Source Files\Sorting and Searching\MinWindow</Filter>
    </ClInclude>
    <ClInclude Include="Stock.h">
      <Filter>Source Files\Array and Strings\Stock</Filter>
    </ClInclude>
    <ClInclude Include="SumQuery.h">
      <Filter>Source Files\Dynamic Programming\SumQuery</Filter>
    </ClInclude>
    <ClInclude Include="NumIslands.h">
      <Filter>Source Files\Trees and Graphs\NumIslands</Filter>
    </ClInclude>
    <ClInclude Include="MergeIntervals.h">
      <Filter>Source Files\Sorting and Searching\MergeIntervals</Filter>
    </ClInclude>
    <ClInclude Include="MaxSubarray.h">
      <Filter>Source Files\Array and Strings\MaxSubarray</Filter>
    </ClInclude>
    <ClInclude Include="MinNumCoins.h">
      <Filter>Source Files\Dynamic Programming\MinNumCoins</Filter>
    </ClInclude>
    <ClInclude Include="RepeatedStringMatch.h">
      <Filter>Source Files\Array and Strings\RepeatedStringMatch</Filter>
    </ClInclude>
    <ClInclude Include="kEmptySlot.h">
      <Filter>Source Files\Array and Strings\kEmptySlot</Filter>
    </ClInclude>
    <ClInclude Include="NextClosestTime.h">
      <Filter>Source Files\Array and Strings\NextClosestTime</Filter>
    </ClInclude>
    <ClInclude Include="LongestUnivaluePath.h">
      <Filter>Source Files\Trees and Graphs\LongestUnivaluePath</Filter>
    </ClInclude>
    <ClInclude Include="LicenseKeyFormat.h">
      <Filter>Source Files\Array and Strings\LicenseKeyFormat</Filter>
    </ClInclude>
    <ClInclude Include="SpiralMatrix.h">
      <Filter>Source Files\Array and Strings\SpiralMatrix</Filter>
    </ClInclude>
    <ClInclude Include="PlusOne.h">
      <Filter>Source Files\Array and Strings\PlusOne</Filter>
    </ClInclude>
    <ClInclude Include="TrappingRainWater.h">
      <Filter>Source Files\Array and Strings\TrappingRainWater</Filter>
    </ClInclude>
    <ClInclude Include="LongestSubstringK.h">
      <Filter>Source Files\Array and Strings\LongestSubstringK</Filter>
    </ClInclude>
    <ClInclude Include="AddBoldTagInString.h">
      <Filter>Source Files\Array and Strings\AddBoldTagInString</Filter>
    </ClInclude>
    <ClInclude Include="GameOfLife.h">
      <Filter>Source Files\Array and Strings\GameOfLife</Filter>
    </ClInclude>
    <ClInclude Include="OneEditDist.h">
      <Filter>Source Files\Array and Strings\OneEditDist</Filter>
    </ClInclude>
    <ClInclude Include="ValidPalindrome.h">
      <Filter>Source Files\Array and Strings\ValidPalindrome</Filter>
    </ClInclude>
    <ClInclude Include="ValidNumber.h">
      <Filter>Source Files\Array and Strings\ValidNumber</Filter>
    </ClInclude>
    <ClInclude Include="ValidParentheses.h">
      <Filter>Source Files\Array and Strings\ValidParentheses</Filter>
    </ClInclude>
    <ClInclude Include="ImageSmoother.h">
      <Filter>Source Files\Array and Strings\ImageSmoother</Filter>
    </ClInclude>
    <ClInclude Include="IntersectionOfTwoArrays.h">
      <Filter>Source Files\Array and Strings\IntersectionOfTwoArrays</Filter>
    </ClInclude>
    <ClInclude Include="MaxConsecutiveOnes.h">
      <Filter>Source Files\Array and Strings\MaxConsecutiveOnes</Filter>
    </ClInclude>
    <ClInclude Include="MaxConsecutiveOnesFlip.h">
      <Filter>Source Files\Array and Strings\MaxConsecutiveOnesFlip</Filter>
    </ClInclude>
    <ClInclude Include="ShortestPalindrome.h">
      <Filter>Source Files\Array and Strings\ShortestPalindrome</Filter>
    </ClInclude>
    <ClInclude Include="SumQuery2.h">
      <Filter>Source Files\Dynamic Programming\SumQuery2</Filter>
    </ClInclude>
    <ClInclude Include="FirstMissingPositive.h">
      <Filter>Source Files\Array and Strings\FirstMissingPositive</Filter>
    </ClInclude>
    <ClInclude Include="FirstUniqueCharacterInAString.h">
      <Filter>Source Files\Array and Strings\FirstUniqueCharacterInAString</Filter>
    </ClInclude>
    <ClInclude Include="MoveZeroes.h">
      <Filter>Source Files\Array and Strings\MoveZeroes</Filter>
    </ClInclude>
    <ClInclude Include="RemoveDuplicatesFromSortedArray.h">
      <Filter>Source Files\Array and Strings\RemoveDuplicatesFromSortedArray</Filter>
    </ClInclude>
    <ClInclude Include="MergeKSortedLists.h">
      <Filter>Source Files\Linked List\MergeKSortedLists</Filter>
    </ClInclude>
    <ClInclude Include="InsertIntoACyclicSortedList.h">
      <Filter>Source Files\Linked List\InsertIntoACyclicSortedList</Filter>
    </ClInclude>
    <ClInclude Include="InorderSuccessorInBST.h">
      <Filter>Source Files\Trees and Graphs\InorderSuccessorInBST</Filter>
    </ClInclude>
    <ClInclude Include="EvaluateDivision.h">
      <Filter>Source Files\Trees and Graphs\EvaluateDivision</Filter>
    </ClInclude>
    <ClInclude Include="RobotRoomCleaner.h">
      <Filter>Source Files\Trees and Graphs\RobotRoomCleaner</Filter>
    </ClInclude>
    <ClInclude Include="RedundantConnectionII.h">
      <Filter>Source Files\Trees and Graphs\RedundantConnectionII</Filter>
    </ClInclude>
    <ClInclude Include="CourseSchedule.h">
      <Filter>Source Files\Trees and Graphs\CourseSchedule</Filter>
    </ClInclude>
    <ClInclude Include="ValidateBinarySearchTree.h">
      <Filter>Source Files\Trees and Graphs\ValidateBinarySearchTree</Filter>
    </ClInclude>
    <ClInclude Include="ClosestBinarySearchTreeValue.h">
      <Filter>Source Files\Trees and Graphs\ClosestBinarySearchTreeValue</Filter>
    </ClInclude>
    <ClInclude Include="WorldSquares.h">
      <Filter>Source Files\Recursion\WordSquares</Filter>
    </ClInclude>
    <ClInclude Include="StrobogrammaticNumberII.h">
      <Filter>Source Files\Recursion\StrobogrammaticNumberII</Filter>
    </ClInclude>
    <ClInclude Include="WordSearchII.h">
      <Filter>Source Files\Recursion\WordSearchII</Filter>
    </ClInclude>
    <ClInclude Include="AndroidUnlockPatterns.h">
      <Filter>Source Files\Recursion\AndroidUnlockPatterns</Filter>
    </ClInclude>
    <ClInclude Include="KthLargestElementInAnArray.h">
      <Filter>Source Files\Sorting and Searching\KthLargestElementInAnArray</Filter>
    </ClInclude>
    <ClInclude Include="ShortestDistanceFromAllBuildings.h">
      <Filter>Source Files\Sorting and Searching\ShortestDistanceFromAllBuildings</Filter>
    </ClInclude>
    <ClInclude Include="FindKthSmallestPairDistance.h">
      <Filter>Source Files\Sorting and Searching\FindKthSmallestPairDistance</Filter>
    </ClInclude>
    <ClInclude Include="FindKPairsWithSmallestSums.h">
      <Filter>Source Files\Sorting and Searching\FindKPairsWithSmallestSums</Filter>
    </ClInclude>
    <ClInclude Include="RangeModule.h">
      <Filter>Source Files\Sorting and Searching\RangeModule</Filter>
    </ClInclude>
    <ClInclude Include="Sqrtx.h">
      <Filter>Source Files\Sorting and Searching\Sqrtx</Filter>
    </ClInclude>
    <ClInclude Include="InsertInterval.h">
      <Filter>Source Files\Sorting and Searching\InsertInterval</Filter>
    </ClInclude>
    <ClInclude Include="SortTransformedArray.h">
      <Filter>Source Files\Sorting and Searching\SortTransformedArray</Filter>
    </ClInclude>
    <ClInclude Include="LongestPalindromicSubstring.h">
      <Filter>Source Files\Sorting and Searching\LongestPalindromicSubstring</Filter>
    </ClInclude>
    <ClInclude Include="DiagonalTraverse.h">
      <Filter>Source Files\Sorting and Searching\DiagonalTraverse</Filter>
    </ClInclude>
    <ClInclude Include="NextGreaterElementI.h">
      <Filter>Source Files\Sorting and Searching\NextGreaterElementI</Filter>
    </ClInclude>
    <ClInclude Include="PacificAtlanticWaterFlow.h">
      <Filter>Source Files\Sorting and Searching\PacificAtlanticWaterFlow</Filter>
    </ClInclude>
    <ClInclude Include="EvaluateReversePolishNotation.h">
      <Filter>Source Files\Sorting and Searching\EvaluateReversePolishNotation</Filter>
    </ClInclude>
    <ClInclude Include="DecodeWays.h">
      <Filter>Source Files\Dynamic Programming\DecodeWays</Filter>
    </ClInclude>
    <ClInclude Include="WordBreak.h">
      <Filter>Source Files\Dynamic Programming\WordBreak</Filter>
    </ClInclude>
    <ClInclude Include="SentenceScreenFitting.h">
      <Filter>Source Files\Dynamic Programming\SentenceScreenFitting</Filter>
    </ClInclude>
    <ClInclude Include="MaximumVacationDays.h">
      <Filter>Source Files\Dynamic Programming\MaximumVacationDays</Filter>
    </ClInclude>
    <ClInclude Include="EditDistance.h">
      <Filter>Source Files\Dynamic Programming\EditDistance</Filter>
    </ClInclude>
    <ClInclude Include="MinimumPathSum.h">
      <Filter>Source Files\Dynamic Programming\MinimumPathSum</Filter>
    </ClInclude>
    <ClInclude Include="HouseRobberII.h">
      <Filter>Source Files\Dynamic Programming\HouseRobberII</Filter>
    </ClInclude>
    <ClInclude Include="MovingAverageFromDataStream.h">
      <Filter>Source Files\Design\MovingAverageFromDataStream</Filter>
    </ClInclude>
    <ClInclude Include="PeekingIterator.h">
      <Filter>Source Files\Design\PeekingIterator</Filter>
    </ClInclude>
    <ClInclude Include="BinarySearchTreeIterator.h">
      <Filter>Source Files\Design\BinarySearchTreeIterator</Filter>
    </ClInclude>
    <ClInclude Include="ZigzagIterator.h">
      <Filter>Source Files\Design\ZigzagIterator</Filter>
    </ClInclude>
    <ClInclude Include="DesignTicTacToe.h">
      <Filter>Source Files\Design\DesignTicTacToe</Filter>
    </ClInclude>
    <ClInclude Include="RangeSumQuery2D.h">
      <Filter>Source Files\Design\RangeSumQuery2D</Filter>
    </ClInclude>
    <ClInclude Include="UTF8Validation.h">
      <Filter>Source Files\Array and Strings\UTF8Validation</Filter>
    </ClInclude>
    <ClInclude Include="MaximumProductOfWordLengths.h">
      <Filter>Source Files\Array and Strings\MaximumProductOfWordLengths</Filter>
    </ClInclude>
    <ClInclude Include="ReadNCharactersGivenRead4.h">
      <Filter>Source Files\Array and Strings\ReadNCharactersGivenRead4</Filter>
    </ClInclude>
    <ClInclude Include="ReadNCharactersGivenRead4II.h">
      <Filter>Source Files\Array and Strings\ReadNCharactersGivenRead4II</Filter>
    </ClInclude>
    <ClInclude Include="LRUCache.h">
      <Filter>Source Files\Design\LRUCache</Filter>
    </ClInclude>
    <ClInclude Include="MedianOfTwoSortedArrays.h">
      <Filter>Source Files\Sorting and Searching\MedianOfTwoSortedArrays</Filter>
    </ClInclude>
    <ClInclude Include="FruitIntoBaskets.h">
      <Filter>Source Files\Array and Strings\FruitIntoBaskets</Filter>
    </ClInclude>
    <ClInclude Include="UniqueEmailAddresses.h">
      <Filter>Source Files\Array and Strings\UniqueEmailAddresses</Filter>
    </ClInclude>
    <ClInclude Include="MeetingRoomsII.h">
      <Filter>Source Files\Sorting and Searching\MeetingRoomsII</Filter>
    </ClInclude>
    <ClInclude Include="RegularExpressionMatching.h">
      <Filter>Source Files\Dynamic Programming\RegularExpressionMatching</Filter>
    </ClInclude>
    <ClInclude Include="SerializeAndDeserializeBinaryTree.h">
      <Filter>Source Files\Trees and Graphs\SerializeAndDeserializeBinaryTree</Filter>
    </ClInclude>
    <ClInclude Include="LetterCombinationsOfAPhoneNumber.h">
      <Filter>Source Files\Recursion\LetterCombinationsOfAPhoneNumber</Filter>
    </ClInclude>
    <ClInclude Include="NextPermutation.h">
      <Filter>Source Files\Array and Strings\NextPermutation</Filter>
    </ClInclude>
    <ClInclude Include="GenerateParentheses.h">
      <Filter>Source Files\Recursion\GenerateParentheses</Filter>
    </ClInclude>
    <ClInclude Include="Pow.h">
      <Filter>Source Files\Sorting and Searching\Pow</Filter>
    </ClInclude>
    <ClInclude Include="BasicCalculator.h">
      <Filter>Source Files\Array and Strings\BasicCalculator</Filter>
    </ClInclude>
    <ClInclude Include="PalindromePairs.h">
      <Filter>Source Files\Sorting and Searching\PalindromePairs</Filter>
    </ClInclude>
    <ClInclude Include="MinStack.h">
      <Filter>Source Files\Design\MinStack</Filter>
    </ClInclude>
    <ClInclude Include="BurstBalloons.h">
      <Filter>Source Files\Dynamic Programming\BurstBalloons</Filter>
    </ClInclude>
    <ClInclude Include="FlattenNestedListIterator.h">
      <Filter>Source Files\Design\FlattenNestedListIterator</Filter>
    </ClInclude>
    <ClInclude Include="LongestConsecutiveSequence.h">
      <Filter>Source Files\Array and Strings\LongestConsecutiveSequence</Filter>
    </ClInclude>
    <ClInclude Include="SearchA2DMatrixII.h">
      <Filter>Source Files\Sorting and Searching\SearchA2DMatrixII</Filter>
    </ClInclude>
    <ClInclude Include="EncodeAndDecodeTinyURL.h">
      <Filter>Source Files\Design\EncodeAndDecodeTinyURL</Filter>
    </ClInclude>
    <ClInclude Include="FindPeakElement.h">
      <Filter>Source Files\Array and Strings\FindPeakElement</Filter>
    </ClInclude>
    <ClInclude Include="WordBreakII.h">
      <Filter>Source Files\Dynamic Programming\WordBreakII</Filter>
    </ClInclude>
    <ClInclude Include="AddTwoNumbers.h">
      <Filter>Source Files\Linked List\AddTwoNumbers</Filter>
    </ClInclude>
    <ClInclude Include="VowelSpellchecker.h">
      <Filter>Source Files\Sorting and Searching\VowelSpellchecker</Filter>
    </ClInclude>
    <ClInclude Include="FlipBinaryTreeToMatchPreorderTraversal.h">
      <Filter>Source Files\Trees and Graphs\FlipBinaryTreeToMatchPreorderTraversal</Filter>
    </ClInclude>
    <ClInclude Include="SmallestStringStartingFromLeaf.h">
      <Filter>Source Files\Trees and Graphs\SmallestStringStartingFromLeaf</Filter>
    </ClInclude>
    <ClInclude Include="RottingOranges.h">
      <Filter>Source Files\Trees and Graphs\RottingOranges</Filter>
    </ClInclude>
    <ClInclude Include="CousinsInBinaryTree.h">
      <Filter>Source Files\Trees and Graphs\CousinsInBinaryTree</Filter>
    </ClInclude>
    <ClInclude Include="SatisfiabilityOfEqualityEquations.h">
      <Filter>Source Files\Trees and Graphs\SatisfiabilityOfEqualityEquations</Filter>
    </ClInclude>
    <ClInclude Include="NumberOfSquarefulArrays.h">
      <Filter>Source Files\Trees and Graphs\NumberOfSquarefulArrays</Filter>
    </ClInclude>
    <ClInclude Include="VerticalOrderTraversalOfABinaryTree.h">
      <Filter>Source Files\Trees and Graphs\VerticalOrderTraversalOfABinaryTree</Filter>
    </ClInclude>
    <ClInclude Include="IntervalListIntersections.h">
      <Filter>Source Files\Array and Strings\IntervalListIntersections</Filter>
    </ClInclude>
    <ClInclude Include="UniquePaths.h">
      <Filter>Source Files\Dynamic Programming\UniquePaths</Filter>
    </ClInclude>
    <ClInclude Include="UniquePathsII.h">
      <Filter>Source Files\Dynamic Programming\UniquePathsII</Filter>
    </ClInclude>
    <ClInclude Include="ClimbingStairs.h">
      <Filter>Source Files\Dynamic Programming\ClimbingStairs</Filter>
    </ClInclude>
    <ClInclude Include="UniqueBinarySearchTrees.h">
      <Filter>Source Files\Dynamic Programming\UniqueBinarySearchTrees</Filter>
    </ClInclude>
    <ClInclude Include="Triangle.h">
      <Filter>Source Files\Dynamic Programming\Triangle</Filter>
    </ClInclude>
    <ClInclude Include="PathSumII.h">
      <Filter>Source Files\Trees and Graphs\PathSumII</Filter>
    </ClInclude>
    <ClInclude Include="WordLadder.h">
      <Filter>Source Files\Trees and Graphs\WordLadder</Filter>
    </ClInclude>
    <ClInclude Include="AllNodesDistanceKinBinaryTree.h">
      <Filter>Source Files\Trees and Graphs\AllNodesDistanceKinBinaryTree</Filter>
    </ClInclude>
    <ClInclude Include="MergeSortedArray.h">
      <Filter>Source Files\Array and Strings\MergeSortedArray</Filter>
    </ClInclude>
    <ClInclude Include="BrokenCalculator.h">
      <Filter>Source Files\Sorting and Searching\BrokenCalculator</Filter>
    </ClInclude>
    <ClInclude Include="ConstructBSTFromPreorderTraversal.h">
      <Filter>Source Files\Trees and Graphs\ConstructBSTFromPreorderTraversal</Filter>
    </ClInclude>
    <ClInclude Include="MinNumOfKConsecutiveBitFlips.h">
      <Filter>Source Files\Array and Strings\MinNumOfKConsecutiveBitFlips</Filter>
    </ClInclude>
    <ClInclude Include="ReverseString.h">
      <Filter>Source Files\Array and Strings\ReverseString</Filter>
    </ClInclude>
    <ClInclude Include="MaximumDepthOfBinaryTree.h">
      <Filter>Source Files\Trees and Graphs\MaximumDepthOfBinaryTree</Filter>
    </ClInclude>
    <ClInclude Include="SingleNumber.h">
      <Filter>Source Files\Array and Strings\SingleNumber</Filter>
    </ClInclude>
    <ClInclude Include="FizzBuzz.h">
      <Filter>Source Files\Array and Strings\FizzBuzz</Filter>
    </ClInclude>
    <ClInclude Include="Permutations.h">
      <Filter>Source Files\Recursion\Permutations</Filter>
    </ClInclude>
    <ClInclude Include="NondecreasingArray.h">
      <Filter>Source Files\Array and Strings\NondecreasingArray</Filter>
    </ClInclude>
    <ClInclude Include="PalindromeNumber.h">
      <Filter>Source Files\Array and Strings\PalindromeNumber</Filter>
    </ClInclude>
    <ClInclude Include="WalkingRobotSimulation.h">
      <Filter>Source Files\Design\WalkingRobotSimulation</Filter>
    </ClInclude>
    <ClInclude Include="PartitionLabels.h">
      <Filter>Source Files\Sorting and Searching\PartitionLabels</Filter>
    </ClInclude>
    <ClInclude Include="TopKFrequentElements.h">
      <Filter>Source Files\Sorting and Searching\TopKFrequentElements</Filter>
    </ClInclude>
    <ClInclude Include="KClosestPointsToOrigin.h">
      <Filter>Source Files\Sorting and Searching\KClosestPointsToOrigin</Filter>
    </ClInclude>
    <ClInclude Include="TwoSumLessThanK.h">
      <Filter>Source Files\Array and Strings\TwoSumLessThanK</Filter>
    </ClInclude>
    <ClInclude Include="TwoSums.h">
      <Filter>Source Files\Array and Strings\TwoSums</Filter>
    </ClInclude>
    <ClInclude Include="ReorderDataInLogFiles.h">
      <Filter>Source Files\Array and Strings\ReorderDataInLogFiles</Filter>
    </ClInclude>
    <ClInclude Include="FindTheTownJudge.h">
      <Filter>Source Files\Trees and Graphs\FindTheTownJudge</Filter>
    </ClInclude>
    <ClInclude Include="GroupAnagrams.h">
      <Filter>Source Files\Array and Strings\GroupAnagrams</Filter>
    </ClInclude>
    <ClInclude Include="TopKFrequentWords.h">
      <Filter>Source Files\Sorting and Searching\TopKFrequentWords</Filter>
    </ClInclude>
    <ClInclude Include="TheMazeII.h">
      <Filter>Source Files\Trees and Graphs\TheMazeII</Filter>
    </ClInclude>
    <ClInclude Include="BinaryTreeZigzagLevelOrderTraversal.h">
      <Filter>Source Files\Trees and Graphs\BinaryTreeZigzagLevelOrderTraversal</Filter>
    </ClInclude>
    <ClInclude Include="MostCommonWord.h">
      <Filter>Source Files\Array and Strings\MostCommonWord</Filter>
    </ClInclude>
  </ItemGroup>
  <ItemGroup>
    <ClCompile Include="stdafx.cpp">
      <Filter>Source Files</Filter>
    </ClCompile>
    <ClCompile Include="MinWindow.cpp">
      <Filter>Source Files\Sorting and Searching\MinWindow</Filter>
    </ClCompile>
    <ClCompile Include="Stock.cpp">
      <Filter>Source Files\Array and Strings\Stock</Filter>
    </ClCompile>
    <ClCompile Include="SumQuery.cpp">
      <Filter>Source Files\Dynamic Programming\SumQuery</Filter>
    </ClCompile>
    <ClCompile Include="NumIslands.cpp">
      <Filter>Source Files\Trees and Graphs\NumIslands</Filter>
    </ClCompile>
    <ClCompile Include="MergeIntervals.cpp">
      <Filter>Source Files\Sorting and Searching\MergeIntervals</Filter>
    </ClCompile>
    <ClCompile Include="MaxSubarray.cpp">
      <Filter>Source Files\Array and Strings\MaxSubarray</Filter>
    </ClCompile>
    <ClCompile Include="MinNumCoins.cpp">
      <Filter>Source Files\Dynamic Programming\MinNumCoins</Filter>
    </ClCompile>
    <ClCompile Include="RepeatedStringMatch.cpp">
      <Filter>Source Files\Array and Strings\RepeatedStringMatch</Filter>
    </ClCompile>
    <ClCompile Include="kEmptySlot.cpp">
      <Filter>Source Files\Array and Strings\kEmptySlot</Filter>
    </ClCompile>
    <ClCompile Include="NextClosestTime.cpp">
      <Filter>Source Files\Array and Strings\NextClosestTime</Filter>
    </ClCompile>
    <ClCompile Include="LongestUnivaluePath.cpp">
      <Filter>Source Files\Trees and Graphs\LongestUnivaluePath</Filter>
    </ClCompile>
    <ClCompile Include="LicenseKeyFormat.cpp">
      <Filter>Source Files\Array and Strings\LicenseKeyFormat</Filter>
    </ClCompile>
    <ClCompile Include="SpiralMatrix.cpp">
      <Filter>Source Files\Array and Strings\SpiralMatrix</Filter>
    </ClCompile>
    <ClCompile Include="PlusOne.cpp">
      <Filter>Source Files\Array and Strings\PlusOne</Filter>
    </ClCompile>
    <ClCompile Include="TrappingRainWater.cpp">
      <Filter>Source Files\Array and Strings\TrappingRainWater</Filter>
    </ClCompile>
    <ClCompile Include="LongestSubstringK.cpp">
      <Filter>Source Files\Array and Strings\LongestSubstringK</Filter>
    </ClCompile>
    <ClCompile Include="AddBoldTagInString.cpp">
      <Filter>Source Files\Array and Strings\AddBoldTagInString</Filter>
    </ClCompile>
    <ClCompile Include="GameOfLife.cpp">
      <Filter>Source Files\Array and Strings\GameOfLife</Filter>
    </ClCompile>
    <ClCompile Include="OneEditDist.cpp">
      <Filter>Source Files\Array and Strings\OneEditDist</Filter>
    </ClCompile>
    <ClCompile Include="ValidPalindrome.cpp">
      <Filter>Source Files\Array and Strings\ValidPalindrome</Filter>
    </ClCompile>
    <ClCompile Include="ValidNumber.cpp">
      <Filter>Source Files\Array and Strings\ValidNumber</Filter>
    </ClCompile>
    <ClCompile Include="ValidParentheses.cpp">
      <Filter>Source Files\Array and Strings\ValidParentheses</Filter>
    </ClCompile>
    <ClCompile Include="ImageSmoother.cpp">
      <Filter>Source Files\Array and Strings\ImageSmoother</Filter>
    </ClCompile>
    <ClCompile Include="IntersectionOfTwoArrays.cpp">
      <Filter>Source Files\Array and Strings\IntersectionOfTwoArrays</Filter>
    </ClCompile>
    <ClCompile Include="MaxConsecutiveOnes.cpp">
      <Filter>Source Files\Array and Strings\MaxConsecutiveOnes</Filter>
    </ClCompile>
    <ClCompile Include="MaxConsecutiveOnesFlip.cpp">
      <Filter>Source Files\Array and Strings\MaxConsecutiveOnesFlip</Filter>
    </ClCompile>
    <ClCompile Include="ShortestPalindrome.cpp">
      <Filter>Source Files\Array and Strings\ShortestPalindrome</Filter>
    </ClCompile>
    <ClCompile Include="LeetCode.cpp">
      <Filter>Source Files</Filter>
    </ClCompile>
    <ClCompile Include="SumQuery2.cpp">
      <Filter>Source Files\Dynamic Programming\SumQuery2</Filter>
    </ClCompile>
    <ClCompile Include="FirstMissingPositive.cpp">
      <Filter>Source Files\Array and Strings\FirstMissingPositive</Filter>
    </ClCompile>
    <ClCompile Include="FirstUniqueCharacterInAString.cpp">
      <Filter>Source Files\Array and Strings\FirstUniqueCharacterInAString</Filter>
    </ClCompile>
    <ClCompile Include="MoveZeroes.cpp">
      <Filter>Source Files\Array and Strings\MoveZeroes</Filter>
    </ClCompile>
    <ClCompile Include="RemoveDuplicatesFromSortedArray.cpp">
      <Filter>Source Files\Array and Strings\RemoveDuplicatesFromSortedArray</Filter>
    </ClCompile>
    <ClCompile Include="MergeKSortedLists.cpp">
      <Filter>Source Files\Linked List\MergeKSortedLists</Filter>
    </ClCompile>
    <ClCompile Include="InsertIntoACyclicSortedList.cpp">
      <Filter>Source Files\Linked List\InsertIntoACyclicSortedList</Filter>
    </ClCompile>
    <ClCompile Include="EvaluateDivision.cpp">
      <Filter>Source Files\Trees and Graphs\EvaluateDivision</Filter>
    </ClCompile>
    <ClCompile Include="InorderSuccessorInBST.cpp">
      <Filter>Source Files\Trees and Graphs\InorderSuccessorInBST</Filter>
    </ClCompile>
    <ClCompile Include="RobotRoomCleaner.cpp">
      <Filter>Source Files\Trees and Graphs\RobotRoomCleaner</Filter>
    </ClCompile>
    <ClCompile Include="RedundantConnectionII.cpp">
      <Filter>Source Files\Trees and Graphs\RedundantConnectionII</Filter>
    </ClCompile>
    <ClCompile Include="CourseSchedule.cpp">
      <Filter>Source Files\Trees and Graphs\CourseSchedule</Filter>
    </ClCompile>
    <ClCompile Include="ValidateBinarySearchTree.cpp">
      <Filter>Source Files\Trees and Graphs\ValidateBinarySearchTree</Filter>
    </ClCompile>
    <ClCompile Include="ClosestBinarySearchTreeValue.cpp">
      <Filter>Source Files\Trees and Graphs\ClosestBinarySearchTreeValue</Filter>
    </ClCompile>
    <ClCompile Include="WordSquares.cpp">
      <Filter>Source Files\Recursion\WordSquares</Filter>
    </ClCompile>
    <ClCompile Include="StrobogrammaticNumberII.cpp">
      <Filter>Source Files\Recursion\StrobogrammaticNumberII</Filter>
    </ClCompile>
    <ClCompile Include="WordSearchII.cpp">
      <Filter>Source Files\Recursion\WordSearchII</Filter>
    </ClCompile>
    <ClCompile Include="AndroidUnlockPatterns.cpp">
      <Filter>Source Files\Recursion\AndroidUnlockPatterns</Filter>
    </ClCompile>
    <ClCompile Include="KthLargestElementInAnArray.cpp">
      <Filter>Source Files\Sorting and Searching\KthLargestElementInAnArray</Filter>
    </ClCompile>
    <ClCompile Include="ShortestDistanceFromAllBuildings.cpp">
      <Filter>Source Files\Sorting and Searching\ShortestDistanceFromAllBuildings</Filter>
    </ClCompile>
    <ClCompile Include="FindKthSmallestPairDistance.cpp">
      <Filter>Source Files\Sorting and Searching\FindKthSmallestPairDistance</Filter>
    </ClCompile>
    <ClCompile Include="FindKPairsWithSmallestSums.cpp">
      <Filter>Source Files\Sorting and Searching\FindKPairsWithSmallestSums</Filter>
    </ClCompile>
    <ClCompile Include="RangeModule.cpp">
      <Filter>Source Files\Sorting and Searching\RangeModule</Filter>
    </ClCompile>
    <ClCompile Include="Sqrtx.cpp">
      <Filter>Source Files\Sorting and Searching\Sqrtx</Filter>
    </ClCompile>
    <ClCompile Include="InsertInterval.cpp">
      <Filter>Source Files\Sorting and Searching\InsertInterval</Filter>
    </ClCompile>
    <ClCompile Include="SortTransformedArray.cpp">
      <Filter>Source Files\Sorting and Searching\SortTransformedArray</Filter>
    </ClCompile>
    <ClCompile Include="LongestPalindromicSubstring.cpp">
      <Filter>Source Files\Sorting and Searching\LongestPalindromicSubstring</Filter>
    </ClCompile>
    <ClCompile Include="DiagonalTraverse.cpp">
      <Filter>Source Files\Sorting and Searching\DiagonalTraverse</Filter>
    </ClCompile>
    <ClCompile Include="NextGreaterElementI.cpp">
      <Filter>Source Files\Sorting and Searching\NextGreaterElementI</Filter>
    </ClCompile>
    <ClCompile Include="PacificAtlanticWaterFlow.cpp">
      <Filter>Source Files\Sorting and Searching\PacificAtlanticWaterFlow</Filter>
    </ClCompile>
    <ClCompile Include="EvaluateReversePolishNotation.cpp">
      <Filter>Source Files\Sorting and Searching\EvaluateReversePolishNotation</Filter>
    </ClCompile>
    <ClCompile Include="DecodeWays.cpp">
      <Filter>Source Files\Dynamic Programming\DecodeWays</Filter>
    </ClCompile>
    <ClCompile Include="WordBreak.cpp">
      <Filter>Source Files\Dynamic Programming\WordBreak</Filter>
    </ClCompile>
    <ClCompile Include="SentenceScreenFitting.cpp">
      <Filter>Source Files\Dynamic Programming\SentenceScreenFitting</Filter>
    </ClCompile>
    <ClCompile Include="MaximumVacationDays.cpp">
      <Filter>Source Files\Dynamic Programming\MaximumVacationDays</Filter>
    </ClCompile>
    <ClCompile Include="EditDistance.cpp">
      <Filter>Source Files\Dynamic Programming\EditDistance</Filter>
    </ClCompile>
    <ClCompile Include="MinimumPathSum.cpp">
      <Filter>Source Files\Dynamic Programming\MinimumPathSum</Filter>
    </ClCompile>
    <ClCompile Include="HouseRobberII.cpp">
      <Filter>Source Files\Dynamic Programming\HouseRobberII</Filter>
    </ClCompile>
    <ClCompile Include="MovingAverageFromDataStream.cpp">
      <Filter>Source Files\Design\MovingAverageFromDataStream</Filter>
    </ClCompile>
    <ClCompile Include="PeekingIterator.cpp">
      <Filter>Source Files\Design\PeekingIterator</Filter>
    </ClCompile>
    <ClCompile Include="BinarySearchTreeIterator.cpp">
      <Filter>Source Files\Design\BinarySearchTreeIterator</Filter>
    </ClCompile>
    <ClCompile Include="ZigzagIterator.cpp">
      <Filter>Source Files\Design\ZigzagIterator</Filter>
    </ClCompile>
    <ClCompile Include="DesignTicTacToe.cpp">
      <Filter>Source Files\Design\DesignTicTacToe</Filter>
    </ClCompile>
    <ClCompile Include="RangeSumQuery2D.cpp">
      <Filter>Source Files\Design\RangeSumQuery2D</Filter>
    </ClCompile>
    <ClCompile Include="UTF8Validation.cpp">
      <Filter>Source Files\Array and Strings\UTF8Validation</Filter>
    </ClCompile>
    <ClCompile Include="MaximumProductOfWordLengths.cpp">
      <Filter>Source Files\Array and Strings\MaximumProductOfWordLengths</Filter>
    </ClCompile>
    <ClCompile Include="ReadNCharactersGivenRead4.cpp">
      <Filter>Source Files\Array and Strings\ReadNCharactersGivenRead4</Filter>
    </ClCompile>
    <ClCompile Include="ReadNCharactersGivenRead4II.cpp">
      <Filter>Source Files\Array and Strings\ReadNCharactersGivenRead4II</Filter>
    </ClCompile>
    <ClCompile Include="LRUCache.cpp">
      <Filter>Source Files\Design\LRUCache</Filter>
    </ClCompile>
    <ClCompile Include="MedianOfTwoSortedArrays.cpp">
      <Filter>Source Files\Sorting and Searching\MedianOfTwoSortedArrays</Filter>
    </ClCompile>
    <ClCompile Include="FruitIntoBaskets.cpp">
      <Filter>Source Files\Array and Strings\FruitIntoBaskets</Filter>
    </ClCompile>
    <ClCompile Include="UniqueEmailAddresses.cpp">
      <Filter>Source Files\Array and Strings\UniqueEmailAddresses</Filter>
    </ClCompile>
    <ClCompile Include="MeetingRoomsII.cpp">
      <Filter>Source Files\Sorting and Searching\MeetingRoomsII</Filter>
    </ClCompile>
    <ClCompile Include="RegularExpressionMatching.cpp">
      <Filter>Source Files\Dynamic Programming\RegularExpressionMatching</Filter>
    </ClCompile>
    <ClCompile Include="SerializeAndDeserializeBinaryTree.cpp">
      <Filter>Source Files\Trees and Graphs\SerializeAndDeserializeBinaryTree</Filter>
    </ClCompile>
    <ClCompile Include="LetterCombinationsOfAPhoneNumber.cpp">
      <Filter>Source Files\Recursion\LetterCombinationsOfAPhoneNumber</Filter>
    </ClCompile>
    <ClCompile Include="NextPermutation.cpp">
      <Filter>Source Files\Array and Strings\NextPermutation</Filter>
    </ClCompile>
    <ClCompile Include="GenerateParentheses.cpp">
      <Filter>Source Files\Recursion\GenerateParentheses</Filter>
    </ClCompile>
    <ClCompile Include="Pow.cpp">
      <Filter>Source Files\Sorting and Searching\Pow</Filter>
    </ClCompile>
    <ClCompile Include="BasicCalculator.cpp">
      <Filter>Source Files\Array and Strings\BasicCalculator</Filter>
    </ClCompile>
    <ClCompile Include="PalindromePairs.cpp">
      <Filter>Source Files\Sorting and Searching\PalindromePairs</Filter>
    </ClCompile>
    <ClCompile Include="MinStack.cpp">
      <Filter>Source Files\Design\MinStack</Filter>
    </ClCompile>
    <ClCompile Include="BurstBalloons.cpp">
      <Filter>Source Files\Dynamic Programming\BurstBalloons</Filter>
    </ClCompile>
    <ClCompile Include="FlattenNestedListIterator.cpp">
      <Filter>Source Files\Design\FlattenNestedListIterator</Filter>
    </ClCompile>
    <ClCompile Include="LongestConsecutiveSequence.cpp">
      <Filter>Source Files\Array and Strings\LongestConsecutiveSequence</Filter>
    </ClCompile>
    <ClCompile Include="SearchA2DMatrixII.cpp">
      <Filter>Source Files\Sorting and Searching\SearchA2DMatrixII</Filter>
    </ClCompile>
    <ClCompile Include="EncodeAndDecodeTinyURL.cpp">
      <Filter>Source Files\Design\EncodeAndDecodeTinyURL</Filter>
    </ClCompile>
    <ClCompile Include="FindPeakElement.cpp">
      <Filter>Source Files\Array and Strings\FindPeakElement</Filter>
    </ClCompile>
    <ClCompile Include="WordBreakII.cpp">
      <Filter>Source Files\Dynamic Programming\WordBreakII</Filter>
    </ClCompile>
    <ClCompile Include="AddTwoNumbers.cpp">
      <Filter>Source Files\Linked List\AddTwoNumbers</Filter>
    </ClCompile>
    <ClCompile Include="VowelSpellchecker.cpp">
      <Filter>Source Files\Sorting and Searching\VowelSpellchecker</Filter>
    </ClCompile>
    <ClCompile Include="FlipBinaryTreeToMatchPreorderTraversal.cpp">
      <Filter>Source Files\Trees and Graphs\FlipBinaryTreeToMatchPreorderTraversal</Filter>
    </ClCompile>
    <ClCompile Include="SmallestStringStartingFromLeaf.cpp">
      <Filter>Source Files\Trees and Graphs\SmallestStringStartingFromLeaf</Filter>
    </ClCompile>
    <ClCompile Include="RottingOranges.cpp">
      <Filter>Source Files\Trees and Graphs\RottingOranges</Filter>
    </ClCompile>
    <ClCompile Include="CousinsInBinaryTree.cpp">
      <Filter>Source Files\Trees and Graphs\CousinsInBinaryTree</Filter>
    </ClCompile>
    <ClCompile Include="SatisfiabilityOfEqualityEquations.cpp">
      <Filter>Source Files\Trees and Graphs\SatisfiabilityOfEqualityEquations</Filter>
    </ClCompile>
    <ClCompile Include="Prims.cpp">
      <Filter>Source Files\Trees and Graphs\MSTandShortestPath</Filter>
    </ClCompile>
    <ClCompile Include="Kruskals.cpp">
      <Filter>Source Files\Trees and Graphs\MSTandShortestPath</Filter>
    </ClCompile>
    <ClCompile Include="Dijkstra.cpp">
      <Filter>Source Files\Trees and Graphs\MSTandShortestPath</Filter>
    </ClCompile>
    <ClCompile Include="NumberOfSquarefulArrays.cpp">
      <Filter>Source Files\Trees and Graphs\NumberOfSquarefulArrays</Filter>
    </ClCompile>
    <ClCompile Include="VerticalOrderTraversalOfABinaryTree.cpp">
      <Filter>Source Files\Trees and Graphs\VerticalOrderTraversalOfABinaryTree</Filter>
    </ClCompile>
    <ClCompile Include="IntervalListIntersections.cpp">
      <Filter>Source Files\Array and Strings\IntervalListIntersections</Filter>
    </ClCompile>
    <ClCompile Include="UniquePaths.cpp">
      <Filter>Source Files\Dynamic Programming\UniquePaths</Filter>
    </ClCompile>
    <ClCompile Include="UniquePathsII.cpp">
      <Filter>Source Files\Dynamic Programming\UniquePathsII</Filter>
    </ClCompile>
    <ClCompile Include="ClimbingStairs.cpp">
      <Filter>Source Files\Dynamic Programming\ClimbingStairs</Filter>
    </ClCompile>
    <ClCompile Include="UniqueBinarySearchTrees.cpp">
      <Filter>Source Files\Dynamic Programming\UniqueBinarySearchTrees</Filter>
    </ClCompile>
    <ClCompile Include="Triangle.cpp">
      <Filter>Source Files\Dynamic Programming\Triangle</Filter>
    </ClCompile>
    <ClCompile Include="PathSumII.cpp">
      <Filter>Source Files\Trees and Graphs\PathSumII</Filter>
    </ClCompile>
    <ClCompile Include="WordLadder.cpp">
      <Filter>Source Files\Trees and Graphs\WordLadder</Filter>
    </ClCompile>
    <ClCompile Include="01Knapsack.cpp">
      <Filter>Source Files\Dynamic Programming\01Knapsack</Filter>
    </ClCompile>
    <ClCompile Include="AllNodesDistanceKinBinaryTree.cpp">
      <Filter>Source Files\Trees and Graphs\AllNodesDistanceKinBinaryTree</Filter>
    </ClCompile>
    <ClCompile Include="MergeSortedArray.cpp">
      <Filter>Source Files\Array and Strings\MergeSortedArray</Filter>
    </ClCompile>
    <ClCompile Include="TravelingSalesman.cpp">
      <Filter>Source Files\Dynamic Programming\TravelingSalesman</Filter>
    </ClCompile>
    <ClCompile Include="BrokenCalculator.cpp">
      <Filter>Source Files\Sorting and Searching\BrokenCalculator</Filter>
    </ClCompile>
    <ClCompile Include="ConstructBSTFromPreorderTraversal.cpp">
      <Filter>Source Files\Trees and Graphs\ConstructBSTFromPreorderTraversal</Filter>
    </ClCompile>
    <ClCompile Include="MinNumOfKConsecutiveBitFlips.cpp">
      <Filter>Source Files\Array and Strings\MinNumOfKConsecutiveBitFlips</Filter>
    </ClCompile>
    <ClCompile Include="ReverseString.cpp">
      <Filter>Source Files\Array and Strings\ReverseString</Filter>
    </ClCompile>
    <ClCompile Include="MaximumDepthOfBinaryTree.cpp">
      <Filter>Source Files\Trees and Graphs\MaximumDepthOfBinaryTree</Filter>
    </ClCompile>
    <ClCompile Include="SingleNumber.cpp">
      <Filter>Source Files\Array and Strings\SingleNumber</Filter>
    </ClCompile>
    <ClCompile Include="FizzBuzz.cpp">
      <Filter>Source Files\Array and Strings\FizzBuzz</Filter>
    </ClCompile>
    <ClCompile Include="Permutations.cpp">
      <Filter>Source Files\Recursion\Permutations</Filter>
    </ClCompile>
    <ClCompile Include="NondecreasingArray.cpp">
      <Filter>Source Files\Array and Strings\NondecreasingArray</Filter>
    </ClCompile>
    <ClCompile Include="PalindromeNumber.cpp">
      <Filter>Source Files\Array and Strings\PalindromeNumber</Filter>
    </ClCompile>
    <ClCompile Include="WalkingRobotSimulation.cpp">
      <Filter>Source Files\Design\WalkingRobotSimulation</Filter>
    </ClCompile>
    <ClCompile Include="PartitionLabels.cpp">
      <Filter>Source Files\Sorting and Searching\PartitionLabels</Filter>
    </ClCompile>
    <ClCompile Include="TopKFrequentElements.cpp">
      <Filter>Source Files\Sorting and Searching\TopKFrequentElements</Filter>
    </ClCompile>
    <ClCompile Include="KClosestPointsToOrigin.cpp">
      <Filter>Source Files\Sorting and Searching\KClosestPointsToOrigin</Filter>
    </ClCompile>
    <ClCompile Include="TwoSumLessThanK.cpp">
      <Filter>Source Files\Array and Strings\TwoSumLessThanK</Filter>
    </ClCompile>
    <ClCompile Include="TwoSums.cpp">
      <Filter>Source Files\Array and Strings\TwoSums</Filter>
    </ClCompile>
    <ClCompile Include="ReorderDataInLogFiles.cpp">
      <Filter>Source Files\Array and Strings\ReorderDataInLogFiles</Filter>
    </ClCompile>
    <ClCompile Include="FindTheTownJudge.cpp">
      <Filter>Source Files\Trees and Graphs\FindTheTownJudge</Filter>
    </ClCompile>
    <ClCompile Include="GroupAnagrams.cpp">
      <Filter>Source Files\Array and Strings\GroupAnagrams</Filter>
    </ClCompile>
    <ClCompile Include="TopKFrequentWords.cpp">
      <Filter>Source Files\Sorting and Searching\TopKFrequentWords</Filter>
    </ClCompile>
    <ClCompile Include="TheMazeII.cpp">
      <Filter>Source Files\Trees and Graphs\TheMazeII</Filter>
    </ClCompile>
    <ClCompile Include="BinaryTreeZigzagLevelOrderTraversal.cpp">
      <Filter>Source Files\Trees and Graphs\BinaryTreeZigzagLevelOrderTraversal</Filter>
    </ClCompile>
    <ClCompile Include="MostCommonWord.cpp">
      <Filter>Source Files\Array and Strings\MostCommonWord</Filter>
    </ClCompile>
  </ItemGroup>
  <ItemGroup>
    <Text Include="ReadMe.txt">
      <Filter>Source Files</Filter>
    </Text>
  </ItemGroup>
</Project>