<?xml version="1.0" encoding="utf-8"?>
<Project ToolsVersion="4.0" xmlns="http://schemas.microsoft.com/developer/msbuild/2003">
  <ItemGroup>
    <Filter Include="Source Files">
      <UniqueIdentifier>{4FC737F1-C7A5-4376-A066-2A32D752A2FF}</UniqueIdentifier>
      <Extensions>cpp;c;cc;cxx;def;odl;idl;hpj;bat;asm;asmx</Extensions>
    </Filter>
    <Filter Include="Header Files">
      <UniqueIdentifier>{93995380-89BD-4b04-88EB-625FBE52EBFB}</UniqueIdentifier>
      <Extensions>h;hpp;hxx;hm;inl;inc;xsd</Extensions>
    </Filter>
    <Filter Include="Resource Files">
      <UniqueIdentifier>{67DA6AB6-F800-4c08-8B7A-83BB121AAD01}</UniqueIdentifier>
      <Extensions>rc;ico;cur;bmp;dlg;rc2;rct;bin;rgs;gif;jpg;jpeg;jpe;resx;tiff;tif;png;wav;mfcribbon-ms</Extensions>
    </Filter>
    <Filter Include="Source Files\Array and Strings">
      <UniqueIdentifier>{0872e677-b760-4ee9-9e8c-4c1259fdc8e7}</UniqueIdentifier>
    </Filter>
    <Filter Include="Source Files\Array and Strings\SpiralMatrix">
      <UniqueIdentifier>{f227fcb7-0eae-48c1-9bdc-671484d8fa25}</UniqueIdentifier>
    </Filter>
    <Filter Include="Source Files\Array and Strings\PlusOne">
      <UniqueIdentifier>{7d2f58a1-5669-43c7-8943-d8d9139260d8}</UniqueIdentifier>
    </Filter>
    <Filter Include="Source Files\Array and Strings\TrappingRainWater">
      <UniqueIdentifier>{8972e577-090b-4668-becf-fef31cf87db8}</UniqueIdentifier>
    </Filter>
    <Filter Include="Source Files\Array and Strings\LongestSubstringK">
      <UniqueIdentifier>{955ea5bc-90b0-40d5-a5fa-6e3ba23c5b63}</UniqueIdentifier>
    </Filter>
    <Filter Include="Source Files\Array and Strings\AddBoldTagInString">
      <UniqueIdentifier>{c4d1beac-97f7-4aa6-a8c7-fc542b56a3c9}</UniqueIdentifier>
    </Filter>
    <Filter Include="Source Files\Array and Strings\GameOfLife">
      <UniqueIdentifier>{27980475-afb4-4ffa-ab00-ece7e916c1a8}</UniqueIdentifier>
    </Filter>
    <Filter Include="Source Files\General">
      <UniqueIdentifier>{3f6553a1-ad04-43db-9da1-59a74900a783}</UniqueIdentifier>
    </Filter>
    <Filter Include="Source Files\Array and Strings\OneEditDist">
      <UniqueIdentifier>{76de915c-0867-4875-9a14-9839da462173}</UniqueIdentifier>
    </Filter>
    <Filter Include="Source Files\General\kEmptySlot">
      <UniqueIdentifier>{76a218ef-4710-4004-b77e-5ae0fd684807}</UniqueIdentifier>
    </Filter>
    <Filter Include="Source Files\General\NextClosestTime">
      <UniqueIdentifier>{cda74749-d6ea-4ac5-9d7c-74449e6abe95}</UniqueIdentifier>
    </Filter>
    <Filter Include="Source Files\General\LongestUnivaluePath">
      <UniqueIdentifier>{8e9a8639-b8b2-47fd-95a4-3e0700ebcb9c}</UniqueIdentifier>
    </Filter>
    <Filter Include="Source Files\General\LicenseKeyFormat">
      <UniqueIdentifier>{2742a0c4-77a5-4843-a21a-33fa3174249c}</UniqueIdentifier>
    </Filter>
    <Filter Include="Source Files\Cram Level 1">
      <UniqueIdentifier>{4185b456-2107-43c1-9328-f6cb023e54b6}</UniqueIdentifier>
    </Filter>
    <Filter Include="Source Files\Cram Level 1\NumIslands">
      <UniqueIdentifier>{7f833220-94f6-4ffb-9e59-0085f5df0ee6}</UniqueIdentifier>
    </Filter>
    <Filter Include="Source Files\Cram Level 1\MinNumCoins">
      <UniqueIdentifier>{b5177de0-c72d-470f-82e9-2c0b60808d6d}</UniqueIdentifier>
    </Filter>
    <Filter Include="Source Files\Cram Level 1\MinWindow">
      <UniqueIdentifier>{be13c94d-24a0-4704-a660-21b25ac706dc}</UniqueIdentifier>
    </Filter>
    <Filter Include="Source Files\Cram Level 1\Stock">
      <UniqueIdentifier>{cac811ea-090c-45d1-807e-bab8e938ab4a}</UniqueIdentifier>
    </Filter>
    <Filter Include="Source Files\Cram Level 1\SumQuery">
      <UniqueIdentifier>{76b511ca-62a2-4e9e-9e50-5486ef3f29e3}</UniqueIdentifier>
    </Filter>
    <Filter Include="Source Files\Cram Level 1\MergeIntervals">
      <UniqueIdentifier>{2c360903-25da-4883-9e69-b78a45a6dcd3}</UniqueIdentifier>
    </Filter>
    <Filter Include="Source Files\General\RepeatedStringMatch">
      <UniqueIdentifier>{61ae9a8e-a542-40b7-bbe5-dfad9fc28c11}</UniqueIdentifier>
    </Filter>
    <Filter Include="Source Files\Cram Level 1\MaxSubarray">
      <UniqueIdentifier>{bfe84cae-77ab-422f-93cc-6097d3234f82}</UniqueIdentifier>
    </Filter>
    <Filter Include="Source Files\Array and Strings\ValidPalindrome">
      <UniqueIdentifier>{bceff045-45a2-4539-ba52-ce597e589065}</UniqueIdentifier>
    </Filter>
    <Filter Include="Source Files\Array and Strings\ValidNumber">
      <UniqueIdentifier>{230411c5-d615-41da-90a9-aa51d79270cf}</UniqueIdentifier>
    </Filter>
    <Filter Include="Source Files\Array and Strings\ValidParentheses">
      <UniqueIdentifier>{70c393bc-e018-464e-858e-626fbb39ce5c}</UniqueIdentifier>
    </Filter>
    <Filter Include="Source Files\Array and Strings\ImageSmoother">
      <UniqueIdentifier>{a5989405-3e42-4690-baaa-7eed6d755f7f}</UniqueIdentifier>
    </Filter>
    <Filter Include="Source Files\Array and Strings\IntersectionOfTwoArrays">
      <UniqueIdentifier>{720f116d-2123-400d-9d21-b101bb6daf04}</UniqueIdentifier>
    </Filter>
    <Filter Include="Source Files\Array and Strings\MaxConsecutiveOnes">
      <UniqueIdentifier>{a8faa7fc-0915-4a83-b53a-9edf6f7b51f8}</UniqueIdentifier>
    </Filter>
    <Filter Include="Source Files\Array and Strings\MaxConsecutiveOnesFlip">
      <UniqueIdentifier>{a0b48f87-2e5b-492f-a24f-98e5b9b7f47c}</UniqueIdentifier>
    </Filter>
    <Filter Include="Source Files\Array and Strings\ShortestPalindrome">
      <UniqueIdentifier>{e19c7412-7455-40de-9399-5d262a704601}</UniqueIdentifier>
    </Filter>
    <Filter Include="Source Files\Cram Level 1\SumQuery2">
      <UniqueIdentifier>{10b69005-aa98-4f23-b895-25e911ddc8a8}</UniqueIdentifier>
    </Filter>
    <Filter Include="Source Files\Array and Strings\FirstMissingPositive">
      <UniqueIdentifier>{81212a4d-1bd3-47ab-809b-45ef4cfb1faf}</UniqueIdentifier>
    </Filter>
    <Filter Include="Source Files\Array and Strings\FirstUniqueCharacterInAString">
      <UniqueIdentifier>{c0c3c8f4-125e-49d6-b57f-528cb93b419e}</UniqueIdentifier>
    </Filter>
    <Filter Include="Source Files\Array and Strings\MoveZeroes">
      <UniqueIdentifier>{2993e664-89fc-4093-8bbf-cf43ab66ecb6}</UniqueIdentifier>
    </Filter>
    <Filter Include="Source Files\Array and Strings\RemoveDuplicatesFromSortedArray">
      <UniqueIdentifier>{234d3e40-7a46-4491-9908-cbae7850a3f2}</UniqueIdentifier>
    </Filter>
    <Filter Include="Source Files\Linked List">
      <UniqueIdentifier>{acdaf7f8-c370-4ac3-89b7-9306ed64d86c}</UniqueIdentifier>
    </Filter>
    <Filter Include="Source Files\Linked List\InsertIntoACyclicSortedList">
      <UniqueIdentifier>{cc0d7bd8-9245-400b-8d0c-54f38c5ac750}</UniqueIdentifier>
    </Filter>
    <Filter Include="Source Files\Linked List\MergeKSortedLists">
      <UniqueIdentifier>{5f730844-daea-4354-af51-414bdb36b1cd}</UniqueIdentifier>
    </Filter>
    <Filter Include="Source Files\Trees and Graphs">
      <UniqueIdentifier>{2f621907-c3a5-4c75-9e2d-63416189992c}</UniqueIdentifier>
    </Filter>
    <Filter Include="Source Files\Trees and Graphs\InorderSuccessorInBST">
      <UniqueIdentifier>{30ca26d7-ecb5-479a-9730-3a7fe48906d9}</UniqueIdentifier>
    </Filter>
    <Filter Include="Source Files\Trees and Graphs\Evaluate Division">
      <UniqueIdentifier>{3f34a0f0-978d-4357-931c-ff2e8feaf1f0}</UniqueIdentifier>
    </Filter>
    <Filter Include="Source Files\Trees and Graphs\RobotRoomCleaner">
      <UniqueIdentifier>{8804bdb7-2a6f-422e-a6fd-9b72edcfe685}</UniqueIdentifier>
    </Filter>
    <Filter Include="Source Files\Trees and Graphs\RedundantConnectionII">
      <UniqueIdentifier>{b8458559-bb5d-4966-935b-101bc835f969}</UniqueIdentifier>
    </Filter>
    <Filter Include="Source Files\Trees and Graphs\Course Schedule">
      <UniqueIdentifier>{33e53a10-89eb-4e97-b475-39bb6aa38039}</UniqueIdentifier>
    </Filter>
    <Filter Include="Source Files\Trees and Graphs\ValidateBinarySearchTree">
      <UniqueIdentifier>{f09a6e79-08b5-4738-aa95-e53447ff64d5}</UniqueIdentifier>
    </Filter>
    <Filter Include="Source Files\Trees and Graphs\ClosestBinarySearchTreeValue">
      <UniqueIdentifier>{943651b5-5fa1-494b-ac73-b96170a6b65f}</UniqueIdentifier>
    </Filter>
    <Filter Include="Source Files\Recursion">
      <UniqueIdentifier>{e5aaf946-d486-4814-b957-7db45021f0b3}</UniqueIdentifier>
    </Filter>
    <Filter Include="Source Files\Recursion\Word Squares">
      <UniqueIdentifier>{79576f0d-746f-42f5-a488-04800556d86d}</UniqueIdentifier>
    </Filter>
    <Filter Include="Source Files\Recursion\StrobogrammaticNumberII">
      <UniqueIdentifier>{1ab286e7-3aee-4107-b347-86656212c5e8}</UniqueIdentifier>
    </Filter>
    <Filter Include="Source Files\Recursion\WordSearchII">
      <UniqueIdentifier>{a87e11b1-c4b0-49c1-abb1-89ebfa8fddbe}</UniqueIdentifier>
    </Filter>
    <Filter Include="Source Files\Recursion\AndroidUnlockPatterns">
      <UniqueIdentifier>{fe08e90a-094b-4b12-9502-4167b2682e0e}</UniqueIdentifier>
    </Filter>
    <Filter Include="Source Files\Sorting and Searching">
      <UniqueIdentifier>{f421b178-9da7-414d-af65-f1af3f83f9d3}</UniqueIdentifier>
    </Filter>
    <Filter Include="Source Files\Sorting and Searching\KthLargestElementInAnArray">
      <UniqueIdentifier>{5226c971-065f-4499-85e3-090cd4e03200}</UniqueIdentifier>
    </Filter>
    <Filter Include="Source Files\Sorting and Searching\ShortestDistanceFromAllBuildings">
      <UniqueIdentifier>{a30d45cf-ae3b-4d28-9a84-b9d969e67528}</UniqueIdentifier>
    </Filter>
    <Filter Include="Source Files\Sorting and Searching\FindKthSmallestPairDistance">
      <UniqueIdentifier>{0dad7b79-bd80-4d5b-9c43-59b483b3edbb}</UniqueIdentifier>
    </Filter>
    <Filter Include="Source Files\Sorting and Searching\FindKPairsWithSmallestSums">
      <UniqueIdentifier>{37ca7cf9-8370-40a9-979b-a9ae220b88dc}</UniqueIdentifier>
    </Filter>
    <Filter Include="Source Files\Sorting and Searching\RangeModule">
      <UniqueIdentifier>{2bd56b2e-1781-49cc-8dff-46867251f803}</UniqueIdentifier>
    </Filter>
    <Filter Include="Source Files\Sorting and Searching\Sqrtx">
      <UniqueIdentifier>{eab14898-0156-4087-9bd8-325efe1104d0}</UniqueIdentifier>
    </Filter>
    <Filter Include="Source Files\Sorting and Searching\InsertInterval">
      <UniqueIdentifier>{23dd714b-b169-427a-9c2f-a769514b7bf4}</UniqueIdentifier>
    </Filter>
    <Filter Include="Source Files\Sorting and Searching\SortTransformedArray">
      <UniqueIdentifier>{bca6dba2-a540-4fc3-a10b-1d7765b80004}</UniqueIdentifier>
    </Filter>
    <Filter Include="Source Files\Sorting and Searching\LongestPalindromicSubstring">
      <UniqueIdentifier>{c2362a78-0956-43e9-bc96-283a4a9acdc7}</UniqueIdentifier>
    </Filter>
    <Filter Include="Source Files\Sorting and Searching\DiagonalTraverse">
      <UniqueIdentifier>{6589f3b7-30ff-4fa8-8e38-129cd818d300}</UniqueIdentifier>
    </Filter>
    <Filter Include="Source Files\Sorting and Searching\NextGreaterElementI">
      <UniqueIdentifier>{f0a9be6b-c307-483e-880d-a7de635e5a31}</UniqueIdentifier>
    </Filter>
    <Filter Include="Source Files\Sorting and Searching\PacificAtlanticWaterFlow">
      <UniqueIdentifier>{7e63fca1-8d89-44fd-a7f3-7fef65d5680f}</UniqueIdentifier>
    </Filter>
    <Filter Include="Source Files\Sorting and Searching\EvaluateReversePolishNotation">
      <UniqueIdentifier>{c9848b68-476e-47f6-840d-6df7a96f8497}</UniqueIdentifier>
    </Filter>
    <Filter Include="Source Files\Dynamic Programming">
      <UniqueIdentifier>{fce6ff31-2908-4dae-8c4e-0e788d3970f7}</UniqueIdentifier>
    </Filter>
  </ItemGroup>
  <ItemGroup>
    <ClInclude Include="stdafx.h">
      <Filter>Header Files</Filter>
    </ClInclude>
    <ClInclude Include="targetver.h">
      <Filter>Header Files</Filter>
    </ClInclude>
    <ClInclude Include="MinWindow.h">
      <Filter>Source Files\Cram Level 1\MinWindow</Filter>
    </ClInclude>
    <ClInclude Include="Stock.h">
      <Filter>Source Files\Cram Level 1\Stock</Filter>
    </ClInclude>
    <ClInclude Include="SumQuery.h">
      <Filter>Source Files\Cram Level 1\SumQuery</Filter>
    </ClInclude>
    <ClInclude Include="NumIslands.h">
      <Filter>Source Files\Cram Level 1\NumIslands</Filter>
    </ClInclude>
    <ClInclude Include="MergeIntervals.h">
      <Filter>Source Files\Cram Level 1\MergeIntervals</Filter>
    </ClInclude>
    <ClInclude Include="MaxSubarray.h">
      <Filter>Source Files\Cram Level 1\MaxSubarray</Filter>
    </ClInclude>
    <ClInclude Include="MinNumCoins.h">
      <Filter>Source Files\Cram Level 1\MinNumCoins</Filter>
    </ClInclude>
    <ClInclude Include="RepeatedStringMatch.h">
      <Filter>Source Files\General\RepeatedStringMatch</Filter>
    </ClInclude>
    <ClInclude Include="kEmptySlot.h">
      <Filter>Source Files\General\kEmptySlot</Filter>
    </ClInclude>
    <ClInclude Include="NextClosestTime.h">
      <Filter>Source Files\General\NextClosestTime</Filter>
    </ClInclude>
    <ClInclude Include="LongestUnivaluePath.h">
      <Filter>Source Files\General\LongestUnivaluePath</Filter>
    </ClInclude>
    <ClInclude Include="LicenseKeyFormat.h">
      <Filter>Source Files\General\LicenseKeyFormat</Filter>
    </ClInclude>
    <ClInclude Include="SpiralMatrix.h">
      <Filter>Source Files\Array and Strings\SpiralMatrix</Filter>
    </ClInclude>
    <ClInclude Include="PlusOne.h">
      <Filter>Source Files\Array and Strings\PlusOne</Filter>
    </ClInclude>
    <ClInclude Include="TrappingRainWater.h">
      <Filter>Source Files\Array and Strings\TrappingRainWater</Filter>
    </ClInclude>
    <ClInclude Include="LongestSubstringK.h">
      <Filter>Source Files\Array and Strings\LongestSubstringK</Filter>
    </ClInclude>
    <ClInclude Include="AddBoldTagInString.h">
      <Filter>Source Files\Array and Strings\AddBoldTagInString</Filter>
    </ClInclude>
    <ClInclude Include="GameOfLife.h">
      <Filter>Source Files\Array and Strings\GameOfLife</Filter>
    </ClInclude>
    <ClInclude Include="OneEditDist.h">
      <Filter>Source Files\Array and Strings\OneEditDist</Filter>
    </ClInclude>
    <ClInclude Include="ValidPalindrome.h">
      <Filter>Source Files\Array and Strings\ValidPalindrome</Filter>
    </ClInclude>
    <ClInclude Include="ValidNumber.h">
      <Filter>Source Files\Array and Strings\ValidNumber</Filter>
    </ClInclude>
    <ClInclude Include="ValidParentheses.h">
      <Filter>Source Files\Array and Strings\ValidParentheses</Filter>
    </ClInclude>
    <ClInclude Include="ImageSmoother.h">
      <Filter>Source Files\Array and Strings\ImageSmoother</Filter>
    </ClInclude>
    <ClInclude Include="IntersectionOfTwoArrays.h">
      <Filter>Source Files\Array and Strings\IntersectionOfTwoArrays</Filter>
    </ClInclude>
    <ClInclude Include="MaxConsecutiveOnes.h">
      <Filter>Source Files\Array and Strings\MaxConsecutiveOnes</Filter>
    </ClInclude>
    <ClInclude Include="MaxConsecutiveOnesFlip.h">
      <Filter>Source Files\Array and Strings\MaxConsecutiveOnesFlip</Filter>
    </ClInclude>
    <ClInclude Include="ShortestPalindrome.h">
      <Filter>Source Files\Array and Strings\ShortestPalindrome</Filter>
    </ClInclude>
    <ClInclude Include="SumQuery2.h">
      <Filter>Source Files\Cram Level 1\SumQuery2</Filter>
    </ClInclude>
    <ClInclude Include="FirstMissingPositive.h">
      <Filter>Source Files\Array and Strings\FirstMissingPositive</Filter>
    </ClInclude>
    <ClInclude Include="FirstUniqueCharacterInAString.h">
      <Filter>Source Files\Array and Strings\FirstUniqueCharacterInAString</Filter>
    </ClInclude>
    <ClInclude Include="MoveZeroes.h">
      <Filter>Source Files\Array and Strings\MoveZeroes</Filter>
    </ClInclude>
    <ClInclude Include="RemoveDuplicatesFromSortedArray.h">
      <Filter>Source Files\Array and Strings\RemoveDuplicatesFromSortedArray</Filter>
    </ClInclude>
    <ClInclude Include="MergeKSortedLists.h">
      <Filter>Source Files\Linked List\MergeKSortedLists</Filter>
    </ClInclude>
    <ClInclude Include="InsertIntoACyclicSortedList.h">
      <Filter>Source Files\Linked List\InsertIntoACyclicSortedList</Filter>
    </ClInclude>
    <ClInclude Include="InorderSuccessorInBST.h">
      <Filter>Source Files\Trees and Graphs\InorderSuccessorInBST</Filter>
    </ClInclude>
    <ClInclude Include="EvaluateDivision.h">
      <Filter>Source Files\Trees and Graphs\Evaluate Division</Filter>
    </ClInclude>
    <ClInclude Include="RobotRoomCleaner.h">
      <Filter>Source Files\Trees and Graphs\RobotRoomCleaner</Filter>
    </ClInclude>
    <ClInclude Include="RedundantConnectionII.h">
      <Filter>Source Files\Trees and Graphs\RedundantConnectionII</Filter>
    </ClInclude>
    <ClInclude Include="CourseSchedule.h">
      <Filter>Source Files\Trees and Graphs\Course Schedule</Filter>
    </ClInclude>
    <ClInclude Include="ValidateBinarySearchTree.h">
      <Filter>Source Files\Trees and Graphs\ValidateBinarySearchTree</Filter>
    </ClInclude>
    <ClInclude Include="ClosestBinarySearchTreeValue.h">
      <Filter>Source Files\Trees and Graphs\ClosestBinarySearchTreeValue</Filter>
    </ClInclude>
    <ClInclude Include="WorldSquares.h">
      <Filter>Source Files\Recursion\Word Squares</Filter>
    </ClInclude>
    <ClInclude Include="StrobogrammaticNumberII.h">
      <Filter>Source Files\Recursion\StrobogrammaticNumberII</Filter>
    </ClInclude>
    <ClInclude Include="WordSearchII.h">
      <Filter>Source Files\Recursion\WordSearchII</Filter>
    </ClInclude>
    <ClInclude Include="AndroidUnlockPatterns.h">
      <Filter>Source Files\Recursion\AndroidUnlockPatterns</Filter>
    </ClInclude>
    <ClInclude Include="KthLargestElementInAnArray.h">
      <Filter>Source Files\Sorting and Searching\KthLargestElementInAnArray</Filter>
    </ClInclude>
    <ClInclude Include="ShortestDistanceFromAllBuildings.h">
      <Filter>Source Files\Sorting and Searching\ShortestDistanceFromAllBuildings</Filter>
    </ClInclude>
    <ClInclude Include="FindKthSmallestPairDistance.h">
      <Filter>Source Files\Sorting and Searching\FindKthSmallestPairDistance</Filter>
    </ClInclude>
    <ClInclude Include="FindKPairsWithSmallestSums.h">
      <Filter>Source Files\Sorting and Searching\FindKPairsWithSmallestSums</Filter>
    </ClInclude>
    <ClInclude Include="RangeModule.h">
      <Filter>Source Files\Sorting and Searching\RangeModule</Filter>
    </ClInclude>
    <ClInclude Include="Sqrtx.h">
      <Filter>Source Files\Sorting and Searching\Sqrtx</Filter>
    </ClInclude>
    <ClInclude Include="InsertInterval.h">
      <Filter>Source Files\Sorting and Searching\InsertInterval</Filter>
    </ClInclude>
    <ClInclude Include="SortTransformedArray.h">
      <Filter>Source Files\Sorting and Searching\SortTransformedArray</Filter>
    </ClInclude>
    <ClInclude Include="LongestPalindromicSubstring.h">
      <Filter>Source Files\Sorting and Searching\LongestPalindromicSubstring</Filter>
    </ClInclude>
    <ClInclude Include="DiagonalTraverse.h">
      <Filter>Source Files\Sorting and Searching\DiagonalTraverse</Filter>
    </ClInclude>
    <ClInclude Include="NextGreaterElementI.h">
      <Filter>Source Files\Sorting and Searching\NextGreaterElementI</Filter>
    </ClInclude>
    <ClInclude Include="PacificAtlanticWaterFlow.h">
      <Filter>Source Files\Sorting and Searching\PacificAtlanticWaterFlow</Filter>
    </ClInclude>
    <ClInclude Include="EvaluateReversePolishNotation.h">
      <Filter>Source Files\Sorting and Searching\EvaluateReversePolishNotation</Filter>
    </ClInclude>
    <ClInclude Include="DecodeWays.h">
      <Filter>Source Files\Dynamic Programming</Filter>
    </ClInclude>
  </ItemGroup>
  <ItemGroup>
    <ClCompile Include="stdafx.cpp">
      <Filter>Source Files</Filter>
    </ClCompile>
    <ClCompile Include="MinWindow.cpp">
      <Filter>Source Files\Cram Level 1\MinWindow</Filter>
    </ClCompile>
    <ClCompile Include="Stock.cpp">
      <Filter>Source Files\Cram Level 1\Stock</Filter>
    </ClCompile>
    <ClCompile Include="SumQuery.cpp">
      <Filter>Source Files\Cram Level 1\SumQuery</Filter>
    </ClCompile>
    <ClCompile Include="NumIslands.cpp">
      <Filter>Source Files\Cram Level 1\NumIslands</Filter>
    </ClCompile>
    <ClCompile Include="MergeIntervals.cpp">
      <Filter>Source Files\Cram Level 1\MergeIntervals</Filter>
    </ClCompile>
    <ClCompile Include="MaxSubarray.cpp">
      <Filter>Source Files\Cram Level 1\MaxSubarray</Filter>
    </ClCompile>
    <ClCompile Include="MinNumCoins.cpp">
      <Filter>Source Files\Cram Level 1\MinNumCoins</Filter>
    </ClCompile>
    <ClCompile Include="RepeatedStringMatch.cpp">
      <Filter>Source Files\General\RepeatedStringMatch</Filter>
    </ClCompile>
    <ClCompile Include="kEmptySlot.cpp">
      <Filter>Source Files\General\kEmptySlot</Filter>
    </ClCompile>
    <ClCompile Include="NextClosestTime.cpp">
      <Filter>Source Files\General\NextClosestTime</Filter>
    </ClCompile>
    <ClCompile Include="LongestUnivaluePath.cpp">
      <Filter>Source Files\General\LongestUnivaluePath</Filter>
    </ClCompile>
    <ClCompile Include="LicenseKeyFormat.cpp">
      <Filter>Source Files\General\LicenseKeyFormat</Filter>
    </ClCompile>
    <ClCompile Include="SpiralMatrix.cpp">
      <Filter>Source Files\Array and Strings\SpiralMatrix</Filter>
    </ClCompile>
    <ClCompile Include="PlusOne.cpp">
      <Filter>Source Files\Array and Strings\PlusOne</Filter>
    </ClCompile>
    <ClCompile Include="TrappingRainWater.cpp">
      <Filter>Source Files\Array and Strings\TrappingRainWater</Filter>
    </ClCompile>
    <ClCompile Include="LongestSubstringK.cpp">
      <Filter>Source Files\Array and Strings\LongestSubstringK</Filter>
    </ClCompile>
    <ClCompile Include="AddBoldTagInString.cpp">
      <Filter>Source Files\Array and Strings\AddBoldTagInString</Filter>
    </ClCompile>
    <ClCompile Include="GameOfLife.cpp">
      <Filter>Source Files\Array and Strings\GameOfLife</Filter>
    </ClCompile>
    <ClCompile Include="OneEditDist.cpp">
      <Filter>Source Files\Array and Strings\OneEditDist</Filter>
    </ClCompile>
    <ClCompile Include="ValidPalindrome.cpp">
      <Filter>Source Files\Array and Strings\ValidPalindrome</Filter>
    </ClCompile>
    <ClCompile Include="ValidNumber.cpp">
      <Filter>Source Files\Array and Strings\ValidNumber</Filter>
    </ClCompile>
    <ClCompile Include="ValidParentheses.cpp">
      <Filter>Source Files\Array and Strings\ValidParentheses</Filter>
    </ClCompile>
    <ClCompile Include="ImageSmoother.cpp">
      <Filter>Source Files\Array and Strings\ImageSmoother</Filter>
    </ClCompile>
    <ClCompile Include="IntersectionOfTwoArrays.cpp">
      <Filter>Source Files\Array and Strings\IntersectionOfTwoArrays</Filter>
    </ClCompile>
    <ClCompile Include="MaxConsecutiveOnes.cpp">
      <Filter>Source Files\Array and Strings\MaxConsecutiveOnes</Filter>
    </ClCompile>
    <ClCompile Include="MaxConsecutiveOnesFlip.cpp">
      <Filter>Source Files\Array and Strings\MaxConsecutiveOnesFlip</Filter>
    </ClCompile>
    <ClCompile Include="ShortestPalindrome.cpp">
      <Filter>Source Files\Array and Strings\ShortestPalindrome</Filter>
    </ClCompile>
    <ClCompile Include="LeetCode.cpp">
      <Filter>Source Files</Filter>
    </ClCompile>
    <ClCompile Include="SumQuery2.cpp">
      <Filter>Source Files\Cram Level 1\SumQuery2</Filter>
    </ClCompile>
    <ClCompile Include="FirstMissingPositive.cpp">
      <Filter>Source Files\Array and Strings\FirstMissingPositive</Filter>
    </ClCompile>
    <ClCompile Include="FirstUniqueCharacterInAString.cpp">
      <Filter>Source Files\Array and Strings\FirstUniqueCharacterInAString</Filter>
    </ClCompile>
    <ClCompile Include="MoveZeroes.cpp">
      <Filter>Source Files\Array and Strings\MoveZeroes</Filter>
    </ClCompile>
    <ClCompile Include="RemoveDuplicatesFromSortedArray.cpp">
      <Filter>Source Files\Array and Strings\RemoveDuplicatesFromSortedArray</Filter>
    </ClCompile>
    <ClCompile Include="MergeKSortedLists.cpp">
      <Filter>Source Files\Linked List\MergeKSortedLists</Filter>
    </ClCompile>
    <ClCompile Include="InsertIntoACyclicSortedList.cpp">
      <Filter>Source Files\Linked List\InsertIntoACyclicSortedList</Filter>
    </ClCompile>
    <ClCompile Include="EvaluateDivision.cpp">
      <Filter>Source Files\Trees and Graphs\Evaluate Division</Filter>
    </ClCompile>
    <ClCompile Include="InorderSuccessorInBST.cpp">
      <Filter>Source Files\Trees and Graphs\InorderSuccessorInBST</Filter>
    </ClCompile>
    <ClCompile Include="RobotRoomCleaner.cpp">
      <Filter>Source Files\Trees and Graphs\RobotRoomCleaner</Filter>
    </ClCompile>
    <ClCompile Include="RedundantConnectionII.cpp">
      <Filter>Source Files\Trees and Graphs\RedundantConnectionII</Filter>
    </ClCompile>
    <ClCompile Include="CourseSchedule.cpp">
      <Filter>Source Files\Trees and Graphs\Course Schedule</Filter>
    </ClCompile>
    <ClCompile Include="ValidateBinarySearchTree.cpp">
      <Filter>Source Files\Trees and Graphs\ValidateBinarySearchTree</Filter>
    </ClCompile>
    <ClCompile Include="ClosestBinarySearchTreeValue.cpp">
      <Filter>Source Files\Trees and Graphs\ClosestBinarySearchTreeValue</Filter>
    </ClCompile>
    <ClCompile Include="WordSquares.cpp">
      <Filter>Source Files\Recursion\Word Squares</Filter>
    </ClCompile>
    <ClCompile Include="StrobogrammaticNumberII.cpp">
      <Filter>Source Files\Recursion\StrobogrammaticNumberII</Filter>
    </ClCompile>
    <ClCompile Include="WordSearchII.cpp">
      <Filter>Source Files\Recursion\WordSearchII</Filter>
    </ClCompile>
    <ClCompile Include="AndroidUnlockPatterns.cpp">
      <Filter>Source Files\Recursion\AndroidUnlockPatterns</Filter>
    </ClCompile>
    <ClCompile Include="KthLargestElementInAnArray.cpp">
      <Filter>Source Files\Sorting and Searching\KthLargestElementInAnArray</Filter>
    </ClCompile>
    <ClCompile Include="ShortestDistanceFromAllBuildings.cpp">
      <Filter>Source Files\Sorting and Searching\ShortestDistanceFromAllBuildings</Filter>
    </ClCompile>
    <ClCompile Include="FindKthSmallestPairDistance.cpp">
      <Filter>Source Files\Sorting and Searching\FindKthSmallestPairDistance</Filter>
    </ClCompile>
    <ClCompile Include="FindKPairsWithSmallestSums.cpp">
      <Filter>Source Files\Sorting and Searching\FindKPairsWithSmallestSums</Filter>
    </ClCompile>
    <ClCompile Include="RangeModule.cpp">
      <Filter>Source Files\Sorting and Searching\RangeModule</Filter>
    </ClCompile>
    <ClCompile Include="Sqrtx.cpp">
      <Filter>Source Files\Sorting and Searching\Sqrtx</Filter>
    </ClCompile>
    <ClCompile Include="InsertInterval.cpp">
      <Filter>Source Files\Sorting and Searching\InsertInterval</Filter>
    </ClCompile>
    <ClCompile Include="SortTransformedArray.cpp">
      <Filter>Source Files\Sorting and Searching\SortTransformedArray</Filter>
    </ClCompile>
    <ClCompile Include="LongestPalindromicSubstring.cpp">
      <Filter>Source Files\Sorting and Searching\LongestPalindromicSubstring</Filter>
    </ClCompile>
    <ClCompile Include="DiagonalTraverse.cpp">
      <Filter>Source Files\Sorting and Searching\DiagonalTraverse</Filter>
    </ClCompile>
    <ClCompile Include="NextGreaterElementI.cpp">
      <Filter>Source Files\Sorting and Searching\NextGreaterElementI</Filter>
    </ClCompile>
    <ClCompile Include="PacificAtlanticWaterFlow.cpp">
      <Filter>Source Files\Sorting and Searching\PacificAtlanticWaterFlow</Filter>
    </ClCompile>
    <ClCompile Include="EvaluateReversePolishNotation.cpp">
      <Filter>Source Files\Sorting and Searching\EvaluateReversePolishNotation</Filter>
    </ClCompile>
    <ClCompile Include="DecodeWays.cpp">
      <Filter>Source Files\Dynamic Programming</Filter>
    </ClCompile>
  </ItemGroup>
  <ItemGroup>
    <Text Include="ReadMe.txt">
      <Filter>Source Files</Filter>
    </Text>
  </ItemGroup>
</Project>